{
  "version": 4,
  "terraform_version": "0.12.23",
  "serial": 63,
  "lineage": "917c6afd-e1fd-b893-6298-21bc4259c444",
  "outputs": {},
  "resources": [
    {
      "mode": "data",
      "type": "oci_database_backups",
      "name": "test_backups",
      "provider": "provider.oci",
      "instances": [
        {
          "schema_version": 0,
          "attributes": {
            "backups": [],
            "compartment_id": null,
            "database_id": "ocid1.database.oc1.uk-london-1.abwgiljtbdtwyjt27jani7jz5xjid75ffnpbbsft3m47z3dlyltpade6vxmq",
            "filter": [
              {
                "name": "id",
                "regex": false,
                "values": [
                  "ocid1.dbbackup.oc1.uk-london-1.abwgiljttpwiytwuue5cnro5vnhurq2dra37dptg3ea4j7j32daecsflxkua"
                ]
              },
              {
                "name": "state",
                "regex": false,
                "values": [
                  "AVAILABLE"
                ]
              }
            ],
            "id": "2020-03-11 11:00:45.465615585 +0000 UTC"
          }
        }
      ]
    },
    {
      "mode": "data",
      "type": "oci_database_databases",
      "name": "databases",
      "provider": "provider.oci",
      "instances": [
        {
          "schema_version": 0,
          "attributes": {
            "compartment_id": "ocid1.tenancy.oc1..aaaaaaaaw7qkcglkhecp6bv3g2ww2tprsdwzkvwt65vuvtygo2657iddifjq",
            "databases": [
              {
                "character_set": "AL32UTF8",
                "compartment_id": "ocid1.tenancy.oc1..aaaaaaaaw7qkcglkhecp6bv3g2ww2tprsdwzkvwt65vuvtygo2657iddifjq",
                "connection_strings": [
                  {
                    "all_connection_strings": {
                      "cdbDefault": "myoracledbplexus.redplexusdns.plexusvcndbsys.oraclevcn.com:1521/plexusMa_lhr1xx.redplexusdns.plexusvcndbsys.oraclevcn.com",
                      "cdbIpDefault": "(DESCRIPTION=(CONNECT_TIMEOUT=5)(TRANSPORT_CONNECT_TIMEOUT=3)(RETRY_COUNT=3)(ADDRESS_LIST=(LOAD_BALANCE=on)(ADDRESS=(PROTOCOL=TCP)(HOST=10.1.20.2)(PORT=1521)))(CONNECT_DATA=(SERVICE_NAME=plexusMa_lhr1xx.redplexusdns.plexusvcndbsys.oraclevcn.com)))"
                    },
                    "cdb_default": "myoracledbplexus.redplexusdns.plexusvcndbsys.oraclevcn.com:1521/plexusMa_lhr1xx.redplexusdns.plexusvcndbsys.oraclevcn.com",
                    "cdb_ip_default": "(DESCRIPTION=(CONNECT_TIMEOUT=5)(TRANSPORT_CONNECT_TIMEOUT=3)(RETRY_COUNT=3)(ADDRESS_LIST=(LOAD_BALANCE=on)(ADDRESS=(PROTOCOL=TCP)(HOST=10.1.20.2)(PORT=1521)))(CONNECT_DATA=(SERVICE_NAME=plexusMa_lhr1xx.redplexusdns.plexusvcndbsys.oraclevcn.com)))"
                  }
                ],
                "database": [],
                "db_backup_config": [
                  {
                    "auto_backup_enabled": true,
                    "auto_backup_window": "",
                    "backup_destination_details": [],
                    "recovery_window_in_days": 10
                  }
                ],
                "db_home_id": "ocid1.dbhome.oc1.uk-london-1.abwgiljtjdrd5bzbphgrpjziy3o7abq25mz442ayurns4hwsg6ca24e6fosq",
                "db_name": "plexusMa",
                "db_system_id": "ocid1.dbsystem.oc1.uk-london-1.abwgiljt4p25p6pc5ljka7p6w3l3e3l22sbujhqo6vez5ztgod2pt7nwyhzq",
                "db_unique_name": "plexusMa_lhr1xx",
                "db_version": "",
                "db_workload": "OLTP",
                "defined_tags": {
                  "Oracle-Tags.CreatedBy": "raul.realmoldes@plexus.es",
                  "Oracle-Tags.CreatedOn": "2020-03-11T09:51:37.152Z"
                },
                "freeform_tags": {
                  "Department": "Finance"
                },
                "id": "ocid1.database.oc1.uk-london-1.abwgiljtbdtwyjt27jani7jz5xjid75ffnpbbsft3m47z3dlyltpade6vxmq",
                "lifecycle_details": "",
                "ncharacter_set": "AL16UTF16",
                "pdb_name": "pdbName",
                "source": "",
                "state": "AVAILABLE",
                "time_created": "2020-03-11 09:51:37.386 +0000 UTC",
                "vm_cluster_id": ""
              }
            ],
            "db_home_id": "ocid1.dbhome.oc1.uk-london-1.abwgiljtjdrd5bzbphgrpjziy3o7abq25mz442ayurns4hwsg6ca24e6fosq",
            "db_name": null,
            "filter": null,
            "id": "2020-03-11 10:46:06.864640728 +0000 UTC",
            "state": null,
            "system_id": null
          }
        }
      ]
    },
    {
      "mode": "data",
      "type": "oci_database_db_home_patch_history_entries",
      "name": "patches_history",
      "provider": "provider.oci",
      "instances": [
        {
          "schema_version": 0,
          "attributes": {
            "db_home_id": "ocid1.dbhome.oc1.uk-london-1.abwgiljtjdrd5bzbphgrpjziy3o7abq25mz442ayurns4hwsg6ca24e6fosq",
            "filter": null,
            "id": "2020-03-11 10:46:06.928574122 +0000 UTC",
            "patch_history_entries": []
          }
        }
      ]
    },
    {
      "mode": "data",
      "type": "oci_database_db_home_patches",
      "name": "patches",
      "provider": "provider.oci",
      "instances": [
        {
          "schema_version": 0,
          "attributes": {
            "db_home_id": "ocid1.dbhome.oc1.uk-london-1.abwgiljtjdrd5bzbphgrpjziy3o7abq25mz442ayurns4hwsg6ca24e6fosq",
            "filter": null,
            "id": "2020-03-11 10:46:07.228138557 +0000 UTC",
            "patches": []
          }
        }
      ]
    },
    {
      "mode": "data",
      "type": "oci_database_db_homes",
      "name": "db_homes",
      "provider": "provider.oci",
      "instances": [
        {
          "schema_version": 0,
          "attributes": {
            "backup_id": null,
            "compartment_id": "ocid1.tenancy.oc1..aaaaaaaaw7qkcglkhecp6bv3g2ww2tprsdwzkvwt65vuvtygo2657iddifjq",
            "db_homes": [
              {
                "compartment_id": "ocid1.tenancy.oc1..aaaaaaaaw7qkcglkhecp6bv3g2ww2tprsdwzkvwt65vuvtygo2657iddifjq",
                "database": [],
                "db_home_id": "ocid1.dbhome.oc1.uk-london-1.abwgiljtjdrd5bzbphgrpjziy3o7abq25mz442ayurns4hwsg6ca24e6fosq",
                "db_home_location": "",
                "db_system_id": "ocid1.dbsystem.oc1.uk-london-1.abwgiljt4p25p6pc5ljka7p6w3l3e3l22sbujhqo6vez5ztgod2pt7nwyhzq",
                "db_version": "12.1.0.2.200114",
                "display_name": "MapfreHome",
                "id": "ocid1.dbhome.oc1.uk-london-1.abwgiljtjdrd5bzbphgrpjziy3o7abq25mz442ayurns4hwsg6ca24e6fosq",
                "last_patch_history_entry_id": "",
                "lifecycle_details": "",
                "source": "",
                "state": "AVAILABLE",
                "time_created": "2020-03-11 09:51:37.385 +0000 UTC",
                "vm_cluster_id": ""
              }
            ],
            "db_system_id": "ocid1.dbsystem.oc1.uk-london-1.abwgiljt4p25p6pc5ljka7p6w3l3e3l22sbujhqo6vez5ztgod2pt7nwyhzq",
            "display_name": null,
            "filter": null,
            "id": "2020-03-11 10:46:06.539469797 +0000 UTC",
            "state": null,
            "vm_cluster_id": null
          }
        }
      ]
    },
    {
      "mode": "data",
      "type": "oci_database_db_node",
      "name": "db_node_details",
      "provider": "provider.oci",
      "instances": [
        {
          "schema_version": 0,
          "attributes": {
            "backup_vnic_id": null,
            "db_node_id": "ocid1.dbnode.oc1.uk-london-1.abwgiljtzuq6tdmg2le3yk33tmalowzb4cn7kddiiew7h3x33dm7cv572h4q",
            "db_system_id": "ocid1.dbsystem.oc1.uk-london-1.abwgiljt4p25p6pc5ljka7p6w3l3e3l22sbujhqo6vez5ztgod2pt7nwyhzq",
            "fault_domain": "FAULT-DOMAIN-3",
            "hostname": "myoracledbplexus",
            "id": "ocid1.dbnode.oc1.uk-london-1.abwgiljtzuq6tdmg2le3yk33tmalowzb4cn7kddiiew7h3x33dm7cv572h4q",
            "software_storage_size_in_gb": 200,
            "state": "AVAILABLE",
            "time_created": "2020-03-11 09:51:37.384 +0000 UTC",
            "vnic_id": "ocid1.vnic.oc1.uk-london-1.abwgiljtmewrpqrp3srd5zdbwu2o4hiz5hj5hqfxxyuljd2bpjixdt25km7a"
          }
        }
      ]
    },
    {
      "mode": "data",
      "type": "oci_database_db_nodes",
      "name": "db_nodes",
      "provider": "provider.oci",
      "instances": [
        {
          "schema_version": 0,
          "attributes": {
            "compartment_id": "ocid1.tenancy.oc1..aaaaaaaaw7qkcglkhecp6bv3g2ww2tprsdwzkvwt65vuvtygo2657iddifjq",
            "db_nodes": [
              {
                "backup_vnic_id": "",
                "db_node_id": "ocid1.dbnode.oc1.uk-london-1.abwgiljtzuq6tdmg2le3yk33tmalowzb4cn7kddiiew7h3x33dm7cv572h4q",
                "db_system_id": "ocid1.dbsystem.oc1.uk-london-1.abwgiljt4p25p6pc5ljka7p6w3l3e3l22sbujhqo6vez5ztgod2pt7nwyhzq",
                "fault_domain": "FAULT-DOMAIN-3",
                "hostname": "myoracledbplexus",
                "id": "ocid1.dbnode.oc1.uk-london-1.abwgiljtzuq6tdmg2le3yk33tmalowzb4cn7kddiiew7h3x33dm7cv572h4q",
                "software_storage_size_in_gb": 200,
                "state": "AVAILABLE",
                "time_created": "2020-03-11 09:51:37.384 +0000 UTC",
                "vnic_id": "ocid1.vnic.oc1.uk-london-1.abwgiljtmewrpqrp3srd5zdbwu2o4hiz5hj5hqfxxyuljd2bpjixdt25km7a"
              }
            ],
            "db_system_id": "ocid1.dbsystem.oc1.uk-london-1.abwgiljt4p25p6pc5ljka7p6w3l3e3l22sbujhqo6vez5ztgod2pt7nwyhzq",
            "filter": null,
            "id": "2020-03-11 10:46:06.48325099 +0000 UTC",
            "state": null,
            "vm_cluster_id": null
          }
        }
      ]
    },
    {
      "mode": "data",
      "type": "oci_database_db_system_patch_history_entries",
      "name": "patches_history",
      "provider": "provider.oci",
      "instances": [
        {
          "schema_version": 0,
          "attributes": {
            "db_system_id": "ocid1.dbsystem.oc1.uk-london-1.abwgiljt4p25p6pc5ljka7p6w3l3e3l22sbujhqo6vez5ztgod2pt7nwyhzq",
            "filter": null,
            "id": "2020-03-11 10:46:06.250445883 +0000 UTC",
            "patch_history_entries": []
          }
        }
      ]
    },
    {
      "mode": "data",
      "type": "oci_database_db_system_patches",
      "name": "patches",
      "provider": "provider.oci",
      "instances": [
        {
          "schema_version": 0,
          "attributes": {
            "db_system_id": "ocid1.dbsystem.oc1.uk-london-1.abwgiljt4p25p6pc5ljka7p6w3l3e3l22sbujhqo6vez5ztgod2pt7nwyhzq",
            "filter": null,
            "id": "2020-03-11 10:46:06.914663453 +0000 UTC",
            "patches": []
          }
        }
      ]
    },
    {
      "mode": "data",
      "type": "oci_database_db_system_shapes",
      "name": "test_db_system_shapes",
      "provider": "provider.oci",
      "instances": [
        {
          "schema_version": 0,
          "attributes": {
            "availability_domain": "Gzzy:UK-LONDON-1-AD-1",
            "compartment_id": "ocid1.tenancy.oc1..aaaaaaaaw7qkcglkhecp6bv3g2ww2tprsdwzkvwt65vuvtygo2657iddifjq",
            "db_system_shapes": [
              {
                "available_core_count": 2,
                "core_count_increment": 0,
                "maximum_node_count": 2,
                "minimum_core_count": 2,
                "minimum_node_count": 1,
                "name": "VM.Standard2.2",
                "shape": "VM.Standard2.2",
                "shape_family": "VIRTUALMACHINE"
              }
            ],
            "filter": [
              {
                "name": "shape",
                "regex": false,
                "values": [
                  "VM.Standard2.2"
                ]
              }
            ],
            "id": "2020-03-11 09:51:32.881163695 +0000 UTC"
          }
        }
      ]
    },
    {
      "mode": "data",
      "type": "oci_database_db_systems",
      "name": "db_systems",
      "provider": "provider.oci",
      "instances": [
        {
          "schema_version": 0,
          "attributes": {
            "availability_domain": null,
            "backup_id": "ocid1.dbbackup.oc1.uk-london-1.abwgiljttpwiytwuue5cnro5vnhurq2dra37dptg3ea4j7j32daecsflxkua",
            "compartment_id": "ocid1.tenancy.oc1..aaaaaaaaw7qkcglkhecp6bv3g2ww2tprsdwzkvwt65vuvtygo2657iddifjq",
            "db_systems": [],
            "display_name": null,
            "filter": null,
            "id": "2020-03-11 11:00:45.506320618 +0000 UTC",
            "state": null
          }
        }
      ]
    },
    {
      "mode": "data",
      "type": "oci_database_db_versions",
      "name": "test_db_versions_by_db_system_id",
      "provider": "provider.oci",
      "instances": [
        {
          "schema_version": 0,
          "attributes": {
            "compartment_id": "ocid1.tenancy.oc1..aaaaaaaaw7qkcglkhecp6bv3g2ww2tprsdwzkvwt65vuvtygo2657iddifjq",
            "db_system_id": "ocid1.dbsystem.oc1.uk-london-1.abwgiljt4p25p6pc5ljka7p6w3l3e3l22sbujhqo6vez5ztgod2pt7nwyhzq",
            "db_system_shape": null,
            "db_versions": [
              {
                "is_latest_for_major_version": true,
                "supports_pdb": false,
                "version": "11.2.0.4"
              },
              {
                "is_latest_for_major_version": true,
                "supports_pdb": true,
                "version": "12.1.0.2"
              },
              {
                "is_latest_for_major_version": true,
                "supports_pdb": true,
                "version": "12.2.0.1"
              },
              {
                "is_latest_for_major_version": true,
                "supports_pdb": true,
                "version": "18.0.0.0"
              },
              {
                "is_latest_for_major_version": true,
                "supports_pdb": true,
                "version": "19.0.0.0"
              }
            ],
            "filter": null,
            "id": "2020-03-11 10:46:06.627888883 +0000 UTC",
            "storage_management": null
          }
        }
      ]
    },
    {
      "mode": "data",
      "type": "oci_identity_availability_domain",
      "name": "ad",
      "provider": "provider.oci",
      "instances": [
        {
          "schema_version": 0,
          "attributes": {
            "ad_number": 1,
            "compartment_id": "ocid1.tenancy.oc1..aaaaaaaaw7qkcglkhecp6bv3g2ww2tprsdwzkvwt65vuvtygo2657iddifjq",
            "id": "ocid1.availabilitydomain.oc1..aaaaaaaapjv4p3qtly2fesrig77q4tlmi3wvakeet6fskc7do2fmawz3xctq",
            "name": "Gzzy:UK-LONDON-1-AD-1"
          }
        }
      ]
    },
    {
      "mode": "managed",
      "type": "oci_core_internet_gateway",
      "name": "internet_gateway",
      "provider": "provider.oci",
      "instances": [
        {
          "schema_version": 0,
          "attributes": {
            "compartment_id": "ocid1.tenancy.oc1..aaaaaaaaw7qkcglkhecp6bv3g2ww2tprsdwzkvwt65vuvtygo2657iddifjq",
            "defined_tags": {
              "Oracle-Tags.CreatedBy": "raul.realmoldes@plexus.es",
              "Oracle-Tags.CreatedOn": "2020-03-11T09:51:34.297Z"
            },
            "display_name": "RedDbPlexusGateway",
            "enabled": true,
            "freeform_tags": {},
            "id": "ocid1.internetgateway.oc1.uk-london-1.aaaaaaaaggvxhdypmpd55rsi5dv4nj6sqloofolxz2uofury7j2s6lousjba",
            "state": "AVAILABLE",
            "time_created": "2020-03-11 09:51:34.311 +0000 UTC",
            "timeouts": null,
            "vcn_id": "ocid1.vcn.oc1.uk-london-1.amaaaaaa6c3t5oaare7zdw4aqy2p3seyecna4bcr3lb4x2fx73bazlfqlcia"
          },
          "private": "eyJlMmJmYjczMC1lY2FhLTExZTYtOGY4OC0zNDM2M2JjN2M0YzAiOnsiY3JlYXRlIjo5MDAwMDAwMDAwMDAsImRlbGV0ZSI6OTAwMDAwMDAwMDAwLCJ1cGRhdGUiOjkwMDAwMDAwMDAwMH19",
          "dependencies": [
            "oci_core_vcn.vcn"
          ]
        }
      ]
    },
    {
      "mode": "managed",
      "type": "oci_core_network_security_group",
      "name": "test_network_security_group",
      "provider": "provider.oci",
      "instances": [
        {
          "schema_version": 0,
          "attributes": {
            "compartment_id": "ocid1.tenancy.oc1..aaaaaaaaw7qkcglkhecp6bv3g2ww2tprsdwzkvwt65vuvtygo2657iddifjq",
            "defined_tags": {
              "Oracle-Tags.CreatedBy": "raul.realmoldes@plexus.es",
              "Oracle-Tags.CreatedOn": "2020-03-11T09:51:34.096Z"
            },
            "display_name": "RedDbPlexusSecurityGroup",
            "freeform_tags": {},
            "id": "ocid1.networksecuritygroup.oc1.uk-london-1.aaaaaaaahuhvmle6mwfo4d5lvwrz3tkke2r5ulxjfjgekijdm3zgyl3w3m6q",
            "state": "AVAILABLE",
            "time_created": "2020-03-11 09:51:34.126 +0000 UTC",
            "timeouts": null,
            "vcn_id": "ocid1.vcn.oc1.uk-london-1.amaaaaaa6c3t5oaare7zdw4aqy2p3seyecna4bcr3lb4x2fx73bazlfqlcia"
          },
          "private": "eyJlMmJmYjczMC1lY2FhLTExZTYtOGY4OC0zNDM2M2JjN2M0YzAiOnsiY3JlYXRlIjo5MDAwMDAwMDAwMDAsImRlbGV0ZSI6OTAwMDAwMDAwMDAwLCJ1cGRhdGUiOjkwMDAwMDAwMDAwMH19",
          "dependencies": [
            "oci_core_vcn.vcn"
          ]
        }
      ]
    },
    {
      "mode": "managed",
      "type": "oci_core_network_security_group",
      "name": "test_network_security_group_backup",
      "provider": "provider.oci",
      "instances": [
        {
          "schema_version": 0,
          "attributes": {
            "compartment_id": "ocid1.tenancy.oc1..aaaaaaaaw7qkcglkhecp6bv3g2ww2tprsdwzkvwt65vuvtygo2657iddifjq",
            "defined_tags": {
              "Oracle-Tags.CreatedBy": "raul.realmoldes@plexus.es",
              "Oracle-Tags.CreatedOn": "2020-03-11T09:51:34.302Z"
            },
            "display_name": "RedDbPlexusSecurityGroupBackup",
            "freeform_tags": {},
            "id": "ocid1.networksecuritygroup.oc1.uk-london-1.aaaaaaaad3hzenyghhozswf2wy2viz2jxsu236zy65js5ngbss6pnyu3dc2a",
            "state": "AVAILABLE",
            "time_created": "2020-03-11 09:51:34.327 +0000 UTC",
            "timeouts": null,
            "vcn_id": "ocid1.vcn.oc1.uk-london-1.amaaaaaa6c3t5oaare7zdw4aqy2p3seyecna4bcr3lb4x2fx73bazlfqlcia"
          },
          "private": "eyJlMmJmYjczMC1lY2FhLTExZTYtOGY4OC0zNDM2M2JjN2M0YzAiOnsiY3JlYXRlIjo5MDAwMDAwMDAwMDAsImRlbGV0ZSI6OTAwMDAwMDAwMDAwLCJ1cGRhdGUiOjkwMDAwMDAwMDAwMH19",
          "dependencies": [
            "oci_core_vcn.vcn"
          ]
        }
      ]
    },
    {
      "mode": "managed",
      "type": "oci_core_route_table",
      "name": "route_table",
      "provider": "provider.oci",
      "instances": [
        {
          "schema_version": 0,
          "attributes": {
            "compartment_id": "ocid1.tenancy.oc1..aaaaaaaaw7qkcglkhecp6bv3g2ww2tprsdwzkvwt65vuvtygo2657iddifjq",
            "defined_tags": {
              "Oracle-Tags.CreatedBy": "raul.realmoldes@plexus.es",
              "Oracle-Tags.CreatedOn": "2020-03-11T09:51:34.706Z"
            },
            "display_name": "RedDbPlexusRouteTable",
            "freeform_tags": {},
            "id": "ocid1.routetable.oc1.uk-london-1.aaaaaaaa4jquodrj47glhqi27grv7bnp4dvl3ayxa4mreg6yklrqh4iuekfq",
            "route_rules": [
              {
                "cidr_block": "",
                "description": "",
                "destination": "0.0.0.0/0",
                "destination_type": "CIDR_BLOCK",
                "network_entity_id": "ocid1.internetgateway.oc1.uk-london-1.aaaaaaaaggvxhdypmpd55rsi5dv4nj6sqloofolxz2uofury7j2s6lousjba"
              }
            ],
            "state": "AVAILABLE",
            "time_created": "2020-03-11 09:51:34.72 +0000 UTC",
            "timeouts": null,
            "vcn_id": "ocid1.vcn.oc1.uk-london-1.amaaaaaa6c3t5oaare7zdw4aqy2p3seyecna4bcr3lb4x2fx73bazlfqlcia"
          },
          "private": "eyJlMmJmYjczMC1lY2FhLTExZTYtOGY4OC0zNDM2M2JjN2M0YzAiOnsiY3JlYXRlIjo5MDAwMDAwMDAwMDAsImRlbGV0ZSI6OTAwMDAwMDAwMDAwLCJ1cGRhdGUiOjkwMDAwMDAwMDAwMH19",
          "dependencies": [
            "oci_core_internet_gateway.internet_gateway",
            "oci_core_vcn.vcn"
          ]
        }
      ]
    },
    {
      "mode": "managed",
      "type": "oci_core_subnet",
      "name": "subnet",
      "provider": "provider.oci",
      "instances": [
        {
          "schema_version": 0,
          "attributes": {
            "availability_domain": "Gzzy:UK-LONDON-1-AD-1",
            "cidr_block": "10.1.20.0/24",
            "compartment_id": "ocid1.tenancy.oc1..aaaaaaaaw7qkcglkhecp6bv3g2ww2tprsdwzkvwt65vuvtygo2657iddifjq",
            "defined_tags": {
              "Oracle-Tags.CreatedBy": "raul.realmoldes@plexus.es",
              "Oracle-Tags.CreatedOn": "2020-03-11T09:51:35.016Z"
            },
            "dhcp_options_id": "ocid1.dhcpoptions.oc1.uk-london-1.aaaaaaaah2kvd26znjbnfv6hgyo5aogtkb2utpbkk7yji3azsyy2bo6dv2ga",
            "display_name": "RedDbPlexus",
            "dns_label": "redplexusdns",
            "freeform_tags": {},
            "id": "ocid1.subnet.oc1.uk-london-1.aaaaaaaar5ik26y2wi6kwazhffjsurrxpd4e3lb5gnbbihdrh4lsxznqo7ga",
            "ipv6cidr_block": null,
            "ipv6public_cidr_block": null,
            "ipv6virtual_router_ip": null,
            "prohibit_public_ip_on_vnic": false,
            "route_table_id": "ocid1.routetable.oc1.uk-london-1.aaaaaaaa4jquodrj47glhqi27grv7bnp4dvl3ayxa4mreg6yklrqh4iuekfq",
            "security_list_ids": [
              "ocid1.securitylist.oc1.uk-london-1.aaaaaaaahykfaxceddavah5iyplbqd7ko5pg43gai5vuyglcuo3qjcaowpsq"
            ],
            "state": "AVAILABLE",
            "subnet_domain_name": "redplexusdns.plexusvcndbsys.oraclevcn.com",
            "time_created": "2020-03-11 09:51:35.043 +0000 UTC",
            "timeouts": null,
            "vcn_id": "ocid1.vcn.oc1.uk-london-1.amaaaaaa6c3t5oaare7zdw4aqy2p3seyecna4bcr3lb4x2fx73bazlfqlcia",
            "virtual_router_ip": "10.1.20.1",
            "virtual_router_mac": "00:00:17:21:F2:DF"
          },
          "private": "eyJlMmJmYjczMC1lY2FhLTExZTYtOGY4OC0zNDM2M2JjN2M0YzAiOnsiY3JlYXRlIjo5MDAwMDAwMDAwMDAsImRlbGV0ZSI6OTAwMDAwMDAwMDAwLCJ1cGRhdGUiOjkwMDAwMDAwMDAwMH19",
          "dependencies": [
            "oci_core_internet_gateway.internet_gateway",
            "oci_core_route_table.route_table",
            "oci_core_vcn.vcn"
          ]
        }
      ]
    },
    {
      "mode": "managed",
      "type": "oci_core_vcn",
      "name": "vcn",
      "provider": "provider.oci",
      "instances": [
        {
          "schema_version": 0,
          "attributes": {
            "cidr_block": "10.1.0.0/16",
            "compartment_id": "ocid1.tenancy.oc1..aaaaaaaaw7qkcglkhecp6bv3g2ww2tprsdwzkvwt65vuvtygo2657iddifjq",
            "default_dhcp_options_id": "ocid1.dhcpoptions.oc1.uk-london-1.aaaaaaaah2kvd26znjbnfv6hgyo5aogtkb2utpbkk7yji3azsyy2bo6dv2ga",
            "default_route_table_id": "ocid1.routetable.oc1.uk-london-1.aaaaaaaaraudssacca7ubtp7pbevqplhqfg753qrmmonjvxbwu54laak6f3q",
            "default_security_list_id": "ocid1.securitylist.oc1.uk-london-1.aaaaaaaahykfaxceddavah5iyplbqd7ko5pg43gai5vuyglcuo3qjcaowpsq",
            "defined_tags": {
              "Oracle-Tags.CreatedBy": "raul.realmoldes@plexus.es",
              "Oracle-Tags.CreatedOn": "2020-03-11T09:51:33.683Z"
            },
            "display_name": "RedDbPlexusVNC",
            "dns_label": "plexusvcndbsys",
            "freeform_tags": {},
            "id": "ocid1.vcn.oc1.uk-london-1.amaaaaaa6c3t5oaare7zdw4aqy2p3seyecna4bcr3lb4x2fx73bazlfqlcia",
            "ipv6cidr_block": null,
            "ipv6public_cidr_block": null,
            "is_ipv6enabled": null,
            "state": "AVAILABLE",
            "time_created": "2020-03-11 09:51:33.686 +0000 UTC",
            "timeouts": null,
            "vcn_domain_name": "plexusvcndbsys.oraclevcn.com"
          },
          "private": "eyJlMmJmYjczMC1lY2FhLTExZTYtOGY4OC0zNDM2M2JjN2M0YzAiOnsiY3JlYXRlIjo5MDAwMDAwMDAwMDAsImRlbGV0ZSI6OTAwMDAwMDAwMDAwLCJ1cGRhdGUiOjkwMDAwMDAwMDAwMH19"
        }
      ]
    },
    {
      "mode": "managed",
      "type": "oci_database_backup",
      "name": "test_backup",
      "provider": "provider.oci",
      "instances": [
        {
          "schema_version": 0,
          "attributes": {
            "availability_domain": "Gzzy:UK-LONDON-1-AD-1",
            "compartment_id": "ocid1.tenancy.oc1..aaaaaaaaw7qkcglkhecp6bv3g2ww2tprsdwzkvwt65vuvtygo2657iddifjq",
            "database_edition": "ENTERPRISE_EDITION",
            "database_id": "ocid1.database.oc1.uk-london-1.abwgiljtbdtwyjt27jani7jz5xjid75ffnpbbsft3m47z3dlyltpade6vxmq",
            "database_size_in_gbs": 3.54296875,
            "display_name": "FirstBackup",
            "id": "ocid1.dbbackup.oc1.uk-london-1.abwgiljttpwiytwuue5cnro5vnhurq2dra37dptg3ea4j7j32daecsflxkua",
            "lifecycle_details": null,
            "state": "ACTIVE",
            "time_ended": "2020-03-11 11:00:38.292 +0000 UTC",
            "time_started": "2020-03-11 10:46:27.431 +0000 UTC",
            "timeouts": null,
            "type": "FULL"
          },
          "private": "eyJlMmJmYjczMC1lY2FhLTExZTYtOGY4OC0zNDM2M2JjN2M0YzAiOnsiY3JlYXRlIjozNjAwMDAwMDAwMDAwLCJkZWxldGUiOjM2MDAwMDAwMDAwMDAsInVwZGF0ZSI6MzYwMDAwMDAwMDAwMH19",
          "dependencies": [
            "oci_core_internet_gateway.internet_gateway",
            "oci_core_network_security_group.test_network_security_group",
            "oci_core_route_table.route_table",
            "oci_core_subnet.subnet",
            "oci_core_vcn.vcn",
            "oci_database_db_system.test_db_system"
          ]
        }
      ]
    },
    {
      "mode": "managed",
      "type": "oci_database_db_system",
      "name": "test_db_system",
      "provider": "provider.oci",
      "instances": [
        {
          "schema_version": 0,
          "attributes": {
            "availability_domain": "Gzzy:UK-LONDON-1-AD-1",
            "backup_network_nsg_ids": null,
            "backup_subnet_id": null,
            "cluster_name": null,
            "compartment_id": "ocid1.tenancy.oc1..aaaaaaaaw7qkcglkhecp6bv3g2ww2tprsdwzkvwt65vuvtygo2657iddifjq",
            "cpu_core_count": 2,
            "data_storage_percentage": 40,
            "data_storage_size_in_gb": 256,
            "database_edition": "ENTERPRISE_EDITION",
            "db_home": [
              {
                "database": [
                  {
                    "admin_password": "BEstrO0ng_#12",
                    "backup_id": "",
                    "backup_tde_password": "",
                    "character_set": "AL32UTF8",
                    "connection_strings": [
                      {
                        "all_connection_strings": {
                          "cdbDefault": "myoracledbplexus.redplexusdns.plexusvcndbsys.oraclevcn.com:1521/plexusMa_lhr1xx.redplexusdns.plexusvcndbsys.oraclevcn.com",
                          "cdbIpDefault": "(DESCRIPTION=(CONNECT_TIMEOUT=5)(TRANSPORT_CONNECT_TIMEOUT=3)(RETRY_COUNT=3)(ADDRESS_LIST=(LOAD_BALANCE=on)(ADDRESS=(PROTOCOL=TCP)(HOST=10.1.20.2)(PORT=1521)))(CONNECT_DATA=(SERVICE_NAME=plexusMa_lhr1xx.redplexusdns.plexusvcndbsys.oraclevcn.com)))"
                        },
                        "cdb_default": "myoracledbplexus.redplexusdns.plexusvcndbsys.oraclevcn.com:1521/plexusMa_lhr1xx.redplexusdns.plexusvcndbsys.oraclevcn.com",
                        "cdb_ip_default": "(DESCRIPTION=(CONNECT_TIMEOUT=5)(TRANSPORT_CONNECT_TIMEOUT=3)(RETRY_COUNT=3)(ADDRESS_LIST=(LOAD_BALANCE=on)(ADDRESS=(PROTOCOL=TCP)(HOST=10.1.20.2)(PORT=1521)))(CONNECT_DATA=(SERVICE_NAME=plexusMa_lhr1xx.redplexusdns.plexusvcndbsys.oraclevcn.com)))"
                      }
                    ],
                    "db_backup_config": [
                      {
                        "auto_backup_enabled": true,
                        "auto_backup_window": "",
                        "backup_destination_details": [],
                        "recovery_window_in_days": 10
                      }
                    ],
                    "db_name": "plexusMa",
                    "db_unique_name": "plexusMa_lhr1xx",
                    "db_workload": "OLTP",
                    "defined_tags": {
                      "Oracle-Tags.CreatedBy": "raul.realmoldes@plexus.es",
                      "Oracle-Tags.CreatedOn": "2020-03-11T09:51:37.152Z"
                    },
                    "freeform_tags": {
                      "Department": "Finance"
                    },
                    "id": "ocid1.database.oc1.uk-london-1.abwgiljtbdtwyjt27jani7jz5xjid75ffnpbbsft3m47z3dlyltpade6vxmq",
                    "lifecycle_details": "",
                    "ncharacter_set": "AL16UTF16",
                    "pdb_name": "pdbName",
                    "state": "AVAILABLE",
                    "time_created": "2020-03-11 09:51:37.386 +0000 UTC"
                  }
                ],
                "db_home_location": "",
                "db_version": "12.1.0.2.200114",
                "display_name": "MapfreHome",
                "id": "ocid1.dbhome.oc1.uk-london-1.abwgiljtjdrd5bzbphgrpjziy3o7abq25mz442ayurns4hwsg6ca24e6fosq",
                "last_patch_history_entry_id": "",
                "lifecycle_details": "",
                "state": "AVAILABLE",
                "time_created": "2020-03-11 09:51:37.385 +0000 UTC"
              }
            ],
            "db_system_options": [
              {
                "storage_management": "ASM"
              }
            ],
            "defined_tags": {
              "Oracle-Tags.CreatedBy": "raul.realmoldes@plexus.es",
              "Oracle-Tags.CreatedOn": "2020-03-11T09:51:36.901Z"
            },
            "disk_redundancy": "HIGH",
            "display_name": "PruebaBDPlexus",
            "domain": "redplexusdns.plexusvcndbsys.oraclevcn.com",
            "fault_domains": [
              "FAULT-DOMAIN-3"
            ],
            "freeform_tags": {
              "Department": "Finance"
            },
            "hostname": "myoracledbplexus",
            "id": "ocid1.dbsystem.oc1.uk-london-1.abwgiljt4p25p6pc5ljka7p6w3l3e3l22sbujhqo6vez5ztgod2pt7nwyhzq",
            "iorm_config_cache": [],
            "last_patch_history_entry_id": null,
            "license_model": "LICENSE_INCLUDED",
            "lifecycle_details": null,
            "listener_port": 1521,
            "node_count": 1,
            "nsg_ids": [
              "ocid1.networksecuritygroup.oc1.uk-london-1.aaaaaaaahuhvmle6mwfo4d5lvwrz3tkke2r5ulxjfjgekijdm3zgyl3w3m6q"
            ],
            "reco_storage_size_in_gb": 256,
            "scan_dns_record_id": "ocid1.vcndnsrecord.oc1.uk-london-1.abwgiljt42j4c3zi54xmlny4rjs3zmhdld4lyhrhdwgehyoebkaijf3mzj2a",
            "scan_ip_ids": [],
            "shape": "VM.Standard2.2",
            "source": "NONE",
            "sparse_diskgroup": null,
            "ssh_public_keys": [
              "ssh-rsa AAAAB3NzaC1yc2EAAAADAQABAAABAQDykB17NGg618t4hhqFS22qBzH8dp8ynsai9TWxt9wCqRWQh3d9A3IhvASdm3h56u/olqNTHS2vvqSOWR8AjsKAfFAPO5GVfrTdFCRzGBn/dCLAG2VABzMWlEARwUchM+L+lJ1EcnvkyVcN7ihFszlIFaHhAu76D187NqQM7JA0kSXjVrhKof/clYVXISNKQaVyx2gU7JZEwmE47MzohVu70HOeAthu6l7aFyPhhRihxbUy0ayEz2xH1aOakQN22voMeb9hbKK//IXZraHqK1+0vAf5KoYA5VkEMvz0rQCNbGj7IqfgOsuC847l3zro+ZMhcNx0KyQC1nuKhYfQ/E7P raul@debian"
            ],
            "state": "AVAILABLE",
            "subnet_id": "ocid1.subnet.oc1.uk-london-1.aaaaaaaar5ik26y2wi6kwazhffjsurrxpd4e3lb5gnbbihdrh4lsxznqo7ga",
            "time_created": "2020-03-11 09:51:37.382 +0000 UTC",
            "time_zone": "UTC",
            "timeouts": null,
            "version": "19.6.0.0.200114",
            "vip_ids": []
          },
          "private": "eyJlMmJmYjczMC1lY2FhLTExZTYtOGY4OC0zNDM2M2JjN2M0YzAiOnsiY3JlYXRlIjowLCJkZWxldGUiOjcyMDAwMDAwMDAwMDAsInVwZGF0ZSI6NzIwMDAwMDAwMDAwMH19",
          "dependencies": [
            "oci_core_internet_gateway.internet_gateway",
            "oci_core_network_security_group.test_network_security_group",
            "oci_core_route_table.route_table",
            "oci_core_subnet.subnet",
            "oci_core_vcn.vcn"
          ]
        }
      ]
    }
  ]
}
