{
  "version": 4,
  "terraform_version": "0.12.23",
  "serial": 30,
  "lineage": "a5a965f5-26ea-6cea-4dcf-baf3e281b0a7",
  "outputs": {
    "default_dhcp_id": {
      "value": "ocid1.dhcpoptions.oc1.uk-london-1.aaaaaaaacmu3rqzm7m7mhppuqlllon5ns5yotib2xdjfk6rkddzmevk5o2oq",
      "type": "string"
    },
    "internet_gateway_id": {
      "value": "ocid1.internetgateway.oc1.uk-london-1.aaaaaaaag32emju324563ftc5xzdvbdv77zacpuygxumhshxswgpfecu6uia",
      "type": "string"
    },
    "nat_gateway_id": {
      "value": "ocid1.natgateway.oc1.uk-london-1.aaaaaaaaziwxqcif2xiuwy6navcacjxaj7g5d5skqz3iyjabnp23gpyg257q",
      "type": "string"
    },
    "vcnid": {
      "value": "ocid1.vcn.oc1.uk-london-1.amaaaaaa6c3t5oaavktrohzt7owlos7rt35pw5d7upyy2c73p55kycqwq2ca",
      "type": "string"
    }
  },
  "resources": [
    {
      "mode": "data",
      "type": "oci_identity_availability_domains",
      "name": "ad",
      "provider": "provider.oci",
      "instances": [
        {
          "schema_version": 0,
          "attributes": {
            "availability_domains": [
              {
                "compartment_id": "ocid1.tenancy.oc1..aaaaaaaaw7qkcglkhecp6bv3g2ww2tprsdwzkvwt65vuvtygo2657iddifjq",
                "id": "ocid1.availabilitydomain.oc1..aaaaaaaapjv4p3qtly2fesrig77q4tlmi3wvakeet6fskc7do2fmawz3xctq",
                "name": "Gzzy:UK-LONDON-1-AD-1"
              },
              {
                "compartment_id": "ocid1.tenancy.oc1..aaaaaaaaw7qkcglkhecp6bv3g2ww2tprsdwzkvwt65vuvtygo2657iddifjq",
                "id": "ocid1.availabilitydomain.oc1..aaaaaaaaw2i3i53quioaywmhx56ss5plwk7bmmeg2266lo7inilhbizeroua",
                "name": "Gzzy:UK-LONDON-1-AD-2"
              },
              {
                "compartment_id": "ocid1.tenancy.oc1..aaaaaaaaw7qkcglkhecp6bv3g2ww2tprsdwzkvwt65vuvtygo2657iddifjq",
                "id": "ocid1.availabilitydomain.oc1..aaaaaaaac6kgqnl5eberztbdm2ufhpxohk7cuelajmafpqa3m6rpri4tc2yq",
                "name": "Gzzy:UK-LONDON-1-AD-3"
              }
            ],
            "compartment_id": "ocid1.tenancy.oc1..aaaaaaaaw7qkcglkhecp6bv3g2ww2tprsdwzkvwt65vuvtygo2657iddifjq",
            "filter": null,
            "id": "2020-03-09 13:37:58.788379815 +0000 UTC"
          }
        }
      ]
    },
    {
      "mode": "data",
      "type": "template_file",
      "name": "ad_names",
      "each": "list",
      "provider": "provider.template",
      "instances": [
        {
          "index_key": 0,
          "schema_version": 0,
          "attributes": {
            "filename": null,
            "id": "dd96c4d76037ffe01866ef083d451d185585ee367975d96bd881cc7eb210dd8c",
            "rendered": "Gzzy:UK-LONDON-1-AD-1",
            "template": "Gzzy:UK-LONDON-1-AD-1",
            "vars": null
          }
        },
        {
          "index_key": 1,
          "schema_version": 0,
          "attributes": {
            "filename": null,
            "id": "620e24da73dd3f98c9f42afe8050874ca9ac9ca6d174c626aa80d4ae1e9ef04f",
            "rendered": "Gzzy:UK-LONDON-1-AD-2",
            "template": "Gzzy:UK-LONDON-1-AD-2",
            "vars": null
          }
        },
        {
          "index_key": 2,
          "schema_version": 0,
          "attributes": {
            "filename": null,
            "id": "e047f81785ae3ee1d74b0d7f0eec6f7bec6bb0126685340eecefef7cf35413b1",
            "rendered": "Gzzy:UK-LONDON-1-AD-3",
            "template": "Gzzy:UK-LONDON-1-AD-3",
            "vars": null
          }
        }
      ]
    },
    {
      "mode": "managed",
      "type": "oci_core_internet_gateway",
      "name": "base_ig",
      "provider": "provider.oci",
      "instances": [
        {
          "schema_version": 0,
          "attributes": {
            "compartment_id": "ocid1.tenancy.oc1..aaaaaaaaw7qkcglkhecp6bv3g2ww2tprsdwzkvwt65vuvtygo2657iddifjq",
            "defined_tags": {
              "Oracle-Tags.CreatedBy": "raul.realmoldes@plexus.es",
              "Oracle-Tags.CreatedOn": "2020-03-09T13:38:02.850Z"
            },
            "display_name": "prueba_dev_internetgateway",
            "enabled": true,
            "freeform_tags": {},
            "id": "ocid1.internetgateway.oc1.uk-london-1.aaaaaaaag32emju324563ftc5xzdvbdv77zacpuygxumhshxswgpfecu6uia",
            "state": "AVAILABLE",
            "time_created": "2020-03-09 13:38:02.87 +0000 UTC",
            "timeouts": null,
            "vcn_id": "ocid1.vcn.oc1.uk-london-1.amaaaaaa6c3t5oaavktrohzt7owlos7rt35pw5d7upyy2c73p55kycqwq2ca"
          },
          "private": "eyJlMmJmYjczMC1lY2FhLTExZTYtOGY4OC0zNDM2M2JjN2M0YzAiOnsiY3JlYXRlIjo5MDAwMDAwMDAwMDAsImRlbGV0ZSI6OTAwMDAwMDAwMDAwLCJ1cGRhdGUiOjkwMDAwMDAwMDAwMH19",
          "dependencies": [
            "oci_core_virtual_network.base_vcn"
          ]
        }
      ]
    },
    {
      "module": "module.a_vcn",
      "mode": "managed",
      "type": "oci_core_internet_gateway",
      "name": "base_ig",
      "provider": "provider.oci",
      "instances": [
        {
          "schema_version": 0,
          "attributes": {
            "compartment_id": "ocid1.compartment.oc1..aaaaaaaa3wgjgvr47lm5iz2atfevumnovluyks7ex6c4fshi5cvyxplbsupa",
            "defined_tags": {
              "Oracle-Tags.CreatedBy": "raul.realmoldes@plexus.es",
              "Oracle-Tags.CreatedOn": "2020-03-09T13:24:41.104Z"
            },
            "display_name": "prueba_dev_internetgateway",
            "enabled": true,
            "freeform_tags": {},
            "id": "ocid1.internetgateway.oc1.uk-london-1.aaaaaaaaru2akc4hl6qutzxw5j5vgodbvrra4qmu3c5tb5f3pkuasvbpihra",
            "state": "AVAILABLE",
            "time_created": "2020-03-09 13:24:41.13 +0000 UTC",
            "timeouts": null,
            "vcn_id": "ocid1.vcn.oc1.uk-london-1.amaaaaaa6c3t5oaayohib76bgqnma65dhwk3lmefhnmifdp7jl6laiit7dca"
          },
          "private": "eyJlMmJmYjczMC1lY2FhLTExZTYtOGY4OC0zNDM2M2JjN2M0YzAiOnsiY3JlYXRlIjo5MDAwMDAwMDAwMDAsImRlbGV0ZSI6OTAwMDAwMDAwMDAwLCJ1cGRhdGUiOjkwMDAwMDAwMDAwMH19",
          "dependencies": [
            "module.a_vcn.oci_core_virtual_network.base_vcn",
            "module.compartments.oci_identity_compartment.networks"
          ]
        }
      ]
    },
    {
      "mode": "managed",
      "type": "oci_core_nat_gateway",
      "name": "nat_gateway",
      "provider": "provider.oci",
      "instances": [
        {
          "schema_version": 0,
          "attributes": {
            "block_traffic": false,
            "compartment_id": "ocid1.tenancy.oc1..aaaaaaaaw7qkcglkhecp6bv3g2ww2tprsdwzkvwt65vuvtygo2657iddifjq",
            "defined_tags": {
              "Oracle-Tags.CreatedBy": "raul.realmoldes@plexus.es",
              "Oracle-Tags.CreatedOn": "2020-03-09T13:38:03.048Z"
            },
            "display_name": "prueba_dev_nat_gateway",
            "freeform_tags": {},
            "id": "ocid1.natgateway.oc1.uk-london-1.aaaaaaaaziwxqcif2xiuwy6navcacjxaj7g5d5skqz3iyjabnp23gpyg257q",
            "nat_ip": "152.67.131.58",
            "state": "AVAILABLE",
            "time_created": "2020-03-09 13:38:03.172 +0000 UTC",
            "timeouts": null,
            "vcn_id": "ocid1.vcn.oc1.uk-london-1.amaaaaaa6c3t5oaavktrohzt7owlos7rt35pw5d7upyy2c73p55kycqwq2ca"
          },
          "private": "eyJlMmJmYjczMC1lY2FhLTExZTYtOGY4OC0zNDM2M2JjN2M0YzAiOnsiY3JlYXRlIjo5MDAwMDAwMDAwMDAsImRlbGV0ZSI6OTAwMDAwMDAwMDAwLCJ1cGRhdGUiOjkwMDAwMDAwMDAwMH19",
          "dependencies": [
            "oci_core_virtual_network.base_vcn"
          ]
        }
      ]
    },
    {
      "module": "module.a_vcn",
      "mode": "managed",
      "type": "oci_core_nat_gateway",
      "name": "nat_gateway",
      "provider": "provider.oci",
      "instances": [
        {
          "schema_version": 0,
          "attributes": {
            "block_traffic": false,
            "compartment_id": "ocid1.compartment.oc1..aaaaaaaa3wgjgvr47lm5iz2atfevumnovluyks7ex6c4fshi5cvyxplbsupa",
            "defined_tags": {
              "Oracle-Tags.CreatedBy": "raul.realmoldes@plexus.es",
              "Oracle-Tags.CreatedOn": "2020-03-09T13:24:40.934Z"
            },
            "display_name": "prueba_dev_nat_gateway",
            "freeform_tags": {},
            "id": "ocid1.natgateway.oc1.uk-london-1.aaaaaaaavw2cxne2ic75fmptuho2xxn46p6artkncban5i2lgdli5z5ugsaq",
            "nat_ip": "132.145.14.88",
            "state": "AVAILABLE",
            "time_created": "2020-03-09 13:24:41.088 +0000 UTC",
            "timeouts": null,
            "vcn_id": "ocid1.vcn.oc1.uk-london-1.amaaaaaa6c3t5oaayohib76bgqnma65dhwk3lmefhnmifdp7jl6laiit7dca"
          },
          "private": "eyJlMmJmYjczMC1lY2FhLTExZTYtOGY4OC0zNDM2M2JjN2M0YzAiOnsiY3JlYXRlIjo5MDAwMDAwMDAwMDAsImRlbGV0ZSI6OTAwMDAwMDAwMDAwLCJ1cGRhdGUiOjkwMDAwMDAwMDAwMH19",
          "dependencies": [
            "module.a_vcn.oci_core_virtual_network.base_vcn",
            "module.compartments.oci_identity_compartment.networks"
          ]
        }
      ]
    },
    {
      "mode": "managed",
      "type": "oci_core_virtual_network",
      "name": "base_vcn",
      "provider": "provider.oci",
      "instances": [
        {
          "schema_version": 0,
          "attributes": {
            "cidr_block": "10.0.0.0/16",
            "compartment_id": "ocid1.tenancy.oc1..aaaaaaaaw7qkcglkhecp6bv3g2ww2tprsdwzkvwt65vuvtygo2657iddifjq",
            "default_dhcp_options_id": "ocid1.dhcpoptions.oc1.uk-london-1.aaaaaaaacmu3rqzm7m7mhppuqlllon5ns5yotib2xdjfk6rkddzmevk5o2oq",
            "default_route_table_id": "ocid1.routetable.oc1.uk-london-1.aaaaaaaalu3riysla7swgajeqdlaeqvwokm237aqagcdtjobpfnxyoe6o6fa",
            "default_security_list_id": "ocid1.securitylist.oc1.uk-london-1.aaaaaaaatwaahgd7o6ic6iwfp4sunhxhd74mqziy473lacxn7ympjzhbxlhq",
            "defined_tags": {
              "Oracle-Tags.CreatedBy": "raul.realmoldes@plexus.es",
              "Oracle-Tags.CreatedOn": "2020-03-09T13:38:02.440Z"
            },
            "display_name": "prueba_dev_vcn",
            "dns_label": "prueba",
            "freeform_tags": {},
            "id": "ocid1.vcn.oc1.uk-london-1.amaaaaaa6c3t5oaavktrohzt7owlos7rt35pw5d7upyy2c73p55kycqwq2ca",
            "ipv6cidr_block": null,
            "ipv6public_cidr_block": null,
            "is_ipv6enabled": null,
            "state": "AVAILABLE",
            "time_created": "2020-03-09 13:38:02.443 +0000 UTC",
            "timeouts": null,
            "vcn_domain_name": "prueba.oraclevcn.com"
          },
          "private": "eyJlMmJmYjczMC1lY2FhLTExZTYtOGY4OC0zNDM2M2JjN2M0YzAiOnsiY3JlYXRlIjo5MDAwMDAwMDAwMDAsImRlbGV0ZSI6OTAwMDAwMDAwMDAwLCJ1cGRhdGUiOjkwMDAwMDAwMDAwMH19"
        }
      ]
    },
    {
      "module": "module.a_vcn",
      "mode": "managed",
      "type": "oci_core_virtual_network",
      "name": "base_vcn",
      "provider": "provider.oci",
      "instances": [
        {
          "schema_version": 0,
          "attributes": {
            "cidr_block": "10.0.0.0/16",
            "compartment_id": "ocid1.compartment.oc1..aaaaaaaa3wgjgvr47lm5iz2atfevumnovluyks7ex6c4fshi5cvyxplbsupa",
            "default_dhcp_options_id": "ocid1.dhcpoptions.oc1.uk-london-1.aaaaaaaa6adrxhigu7ueri6yporqdqqi2xru4djqm57gls2kk5c6aocmouca",
            "default_route_table_id": "ocid1.routetable.oc1.uk-london-1.aaaaaaaabq37zbxcc4j75qboegquppoyh2cnehi7fqgztvngj6mdsbi5obwq",
            "default_security_list_id": "ocid1.securitylist.oc1.uk-london-1.aaaaaaaaiwn6uotch5ss3fpq7dofkeg7pwio5kgxeld5vuc7twag4ainbunq",
            "defined_tags": {
              "Oracle-Tags.CreatedBy": "raul.realmoldes@plexus.es",
              "Oracle-Tags.CreatedOn": "2020-03-09T13:24:40.471Z"
            },
            "display_name": "prueba_dev_vcn",
            "dns_label": "prueba",
            "freeform_tags": {},
            "id": "ocid1.vcn.oc1.uk-london-1.amaaaaaa6c3t5oaayohib76bgqnma65dhwk3lmefhnmifdp7jl6laiit7dca",
            "ipv6cidr_block": null,
            "ipv6public_cidr_block": null,
            "is_ipv6enabled": null,
            "state": "AVAILABLE",
            "time_created": "2020-03-09 13:24:40.474 +0000 UTC",
            "timeouts": null,
            "vcn_domain_name": "prueba.oraclevcn.com"
          },
          "private": "eyJlMmJmYjczMC1lY2FhLTExZTYtOGY4OC0zNDM2M2JjN2M0YzAiOnsiY3JlYXRlIjo5MDAwMDAwMDAwMDAsImRlbGV0ZSI6OTAwMDAwMDAwMDAwLCJ1cGRhdGUiOjkwMDAwMDAwMDAwMH19",
          "dependencies": [
            "module.compartments.oci_identity_compartment.networks"
          ]
        }
      ]
    },
    {
      "module": "module.compartments",
      "mode": "managed",
      "type": "oci_identity_compartment",
      "name": "admin",
      "provider": "provider.oci.home",
      "instances": [
        {
          "schema_version": 0,
          "attributes": {
            "compartment_id": "ocid1.tenancy.oc1..aaaaaaaaw7qkcglkhecp6bv3g2ww2tprsdwzkvwt65vuvtygo2657iddifjq",
            "defined_tags": {
              "Oracle-Tags.CreatedBy": "raul.realmoldes@plexus.es",
              "Oracle-Tags.CreatedOn": "2020-03-09T13:24:31.784Z"
            },
            "description": "The admin compartment",
            "enable_delete": null,
            "freeform_tags": {},
            "id": "ocid1.compartment.oc1..aaaaaaaasqd7uyfdevzzaexv6yg4aubxgbe3zhomscegeasckax3ehrdzjka",
            "inactive_state": null,
            "is_accessible": true,
            "name": "prueba_dev_admin",
            "state": "ACTIVE",
            "time_created": "2020-03-09 13:24:32.47 +0000 UTC",
            "timeouts": null
          },
          "private": "eyJlMmJmYjczMC1lY2FhLTExZTYtOGY4OC0zNDM2M2JjN2M0YzAiOnsiZGVsZXRlIjo1NDAwMDAwMDAwMDAwfX0="
        }
      ]
    },
    {
      "module": "module.compartments",
      "mode": "managed",
      "type": "oci_identity_compartment",
      "name": "business_logic",
      "provider": "provider.oci.home",
      "instances": [
        {
          "schema_version": 0,
          "attributes": {
            "compartment_id": "ocid1.tenancy.oc1..aaaaaaaaw7qkcglkhecp6bv3g2ww2tprsdwzkvwt65vuvtygo2657iddifjq",
            "defined_tags": {
              "Oracle-Tags.CreatedBy": "raul.realmoldes@plexus.es",
              "Oracle-Tags.CreatedOn": "2020-03-09T13:24:31.807Z"
            },
            "description": "The business_logic compartment",
            "enable_delete": null,
            "freeform_tags": {},
            "id": "ocid1.compartment.oc1..aaaaaaaaxvgsc2tot7hta6gg7hhyr3zgxgotbiy4nrgyxhjaljyoy4nnhesa",
            "inactive_state": null,
            "is_accessible": true,
            "name": "prueba_dev_business_logic",
            "state": "ACTIVE",
            "time_created": "2020-03-09 13:24:33.035 +0000 UTC",
            "timeouts": null
          },
          "private": "eyJlMmJmYjczMC1lY2FhLTExZTYtOGY4OC0zNDM2M2JjN2M0YzAiOnsiZGVsZXRlIjo1NDAwMDAwMDAwMDAwfX0="
        }
      ]
    },
    {
      "module": "module.compartments",
      "mode": "managed",
      "type": "oci_identity_compartment",
      "name": "database",
      "provider": "provider.oci.home",
      "instances": [
        {
          "schema_version": 0,
          "attributes": {
            "compartment_id": "ocid1.tenancy.oc1..aaaaaaaaw7qkcglkhecp6bv3g2ww2tprsdwzkvwt65vuvtygo2657iddifjq",
            "defined_tags": {
              "Oracle-Tags.CreatedBy": "raul.realmoldes@plexus.es",
              "Oracle-Tags.CreatedOn": "2020-03-09T13:24:34.201Z"
            },
            "description": "The database compartment",
            "enable_delete": null,
            "freeform_tags": {},
            "id": "ocid1.compartment.oc1..aaaaaaaaa2yvxga6eeophb2cj4xdcucqhms4r7fk2lyuaxur4r2td67jsgba",
            "inactive_state": null,
            "is_accessible": true,
            "name": "prueba_dev_database",
            "state": "ACTIVE",
            "time_created": "2020-03-09 13:24:34.269 +0000 UTC",
            "timeouts": null
          },
          "private": "eyJlMmJmYjczMC1lY2FhLTExZTYtOGY4OC0zNDM2M2JjN2M0YzAiOnsiZGVsZXRlIjo1NDAwMDAwMDAwMDAwfX0="
        }
      ]
    },
    {
      "module": "module.compartments",
      "mode": "managed",
      "type": "oci_identity_compartment",
      "name": "networks",
      "provider": "provider.oci.home",
      "instances": [
        {
          "schema_version": 0,
          "attributes": {
            "compartment_id": "ocid1.tenancy.oc1..aaaaaaaaw7qkcglkhecp6bv3g2ww2tprsdwzkvwt65vuvtygo2657iddifjq",
            "defined_tags": {
              "Oracle-Tags.CreatedBy": "raul.realmoldes@plexus.es",
              "Oracle-Tags.CreatedOn": "2020-03-09T13:24:31.792Z"
            },
            "description": "The networks compartment",
            "enable_delete": null,
            "freeform_tags": {},
            "id": "ocid1.compartment.oc1..aaaaaaaa3wgjgvr47lm5iz2atfevumnovluyks7ex6c4fshi5cvyxplbsupa",
            "inactive_state": null,
            "is_accessible": true,
            "name": "prueba_dev_networks",
            "state": "ACTIVE",
            "time_created": "2020-03-09 13:24:32.697 +0000 UTC",
            "timeouts": null
          },
          "private": "eyJlMmJmYjczMC1lY2FhLTExZTYtOGY4OC0zNDM2M2JjN2M0YzAiOnsiZGVsZXRlIjo1NDAwMDAwMDAwMDAwfX0="
        }
      ]
    },
    {
      "module": "module.compartments",
      "mode": "managed",
      "type": "oci_identity_compartment",
      "name": "shared_services",
      "provider": "provider.oci.home",
      "instances": [
        {
          "schema_version": 0,
          "attributes": {
            "compartment_id": "ocid1.tenancy.oc1..aaaaaaaaw7qkcglkhecp6bv3g2ww2tprsdwzkvwt65vuvtygo2657iddifjq",
            "defined_tags": {
              "Oracle-Tags.CreatedBy": "raul.realmoldes@plexus.es",
              "Oracle-Tags.CreatedOn": "2020-03-09T13:24:31.916Z"
            },
            "description": "The shared_services compartment",
            "enable_delete": null,
            "freeform_tags": {},
            "id": "ocid1.compartment.oc1..aaaaaaaazsvcxaf3ubnllpgzice743zt2bxv37awnfz7lqhq7yhni3qqlpuq",
            "inactive_state": null,
            "is_accessible": true,
            "name": "prueba_dev_shared_services",
            "state": "ACTIVE",
            "time_created": "2020-03-09 13:24:32.855 +0000 UTC",
            "timeouts": null
          },
          "private": "eyJlMmJmYjczMC1lY2FhLTExZTYtOGY4OC0zNDM2M2JjN2M0YzAiOnsiZGVsZXRlIjo1NDAwMDAwMDAwMDAwfX0="
        }
      ]
    },
    {
      "module": "module.iam",
      "mode": "managed",
      "type": "oci_identity_group",
      "name": "db_admins",
      "provider": "provider.oci.home",
      "instances": [
        {
          "schema_version": 0,
          "attributes": {
            "compartment_id": "ocid1.tenancy.oc1..aaaaaaaaw7qkcglkhecp6bv3g2ww2tprsdwzkvwt65vuvtygo2657iddifjq",
            "defined_tags": {
              "Oracle-Tags.CreatedBy": "raul.realmoldes@plexus.es",
              "Oracle-Tags.CreatedOn": "2020-03-09T13:24:31.797Z"
            },
            "description": "Group for users allowed to manage the databases in the tenancy.",
            "freeform_tags": {},
            "id": "ocid1.group.oc1..aaaaaaaavmng4xsk4evmf6zahcpw5uxgvifm2ttkiosd4cvnzr634gx2xviq",
            "inactive_state": null,
            "name": "DBAdmins.grp",
            "state": "ACTIVE",
            "time_created": "2020-03-09 13:24:32.239 +0000 UTC",
            "timeouts": null
          },
          "private": "eyJlMmJmYjczMC1lY2FhLTExZTYtOGY4OC0zNDM2M2JjN2M0YzAiOnsiY3JlYXRlIjo5MDAwMDAwMDAwMDAsImRlbGV0ZSI6OTAwMDAwMDAwMDAwLCJ1cGRhdGUiOjkwMDAwMDAwMDAwMH19"
        }
      ]
    },
    {
      "module": "module.iam",
      "mode": "managed",
      "type": "oci_identity_group",
      "name": "iam_admin_managers",
      "provider": "provider.oci.home",
      "instances": [
        {
          "schema_version": 0,
          "attributes": {
            "compartment_id": "ocid1.tenancy.oc1..aaaaaaaaw7qkcglkhecp6bv3g2ww2tprsdwzkvwt65vuvtygo2657iddifjq",
            "defined_tags": {
              "Oracle-Tags.CreatedBy": "raul.realmoldes@plexus.es",
              "Oracle-Tags.CreatedOn": "2020-03-09T13:24:31.787Z"
            },
            "description": "Group for users allowed to modify the Administrators and NetSecAdmins group.",
            "freeform_tags": {},
            "id": "ocid1.group.oc1..aaaaaaaac47f4p4w4xtyozmc7qu4xs4bvv4jefj3dawhyaotw7pfuffkgkoa",
            "inactive_state": null,
            "name": "IAMAdminManagers.grp",
            "state": "ACTIVE",
            "time_created": "2020-03-09 13:24:31.926 +0000 UTC",
            "timeouts": null
          },
          "private": "eyJlMmJmYjczMC1lY2FhLTExZTYtOGY4OC0zNDM2M2JjN2M0YzAiOnsiY3JlYXRlIjo5MDAwMDAwMDAwMDAsImRlbGV0ZSI6OTAwMDAwMDAwMDAwLCJ1cGRhdGUiOjkwMDAwMDAwMDAwMH19"
        }
      ]
    },
    {
      "module": "module.iam",
      "mode": "managed",
      "type": "oci_identity_group",
      "name": "iam_managers",
      "provider": "provider.oci.home",
      "instances": [
        {
          "schema_version": 0,
          "attributes": {
            "compartment_id": "ocid1.tenancy.oc1..aaaaaaaaw7qkcglkhecp6bv3g2ww2tprsdwzkvwt65vuvtygo2657iddifjq",
            "defined_tags": {
              "Oracle-Tags.CreatedBy": "raul.realmoldes@plexus.es",
              "Oracle-Tags.CreatedOn": "2020-03-09T13:24:31.832Z"
            },
            "description": "Group for users allowed to modify all users and groups except the Administrators and NetSecAdmin groups.",
            "freeform_tags": {},
            "id": "ocid1.group.oc1..aaaaaaaa3pfsus2fzoyvex4nmn5z5536676k437qujjcjecjbkrvtn5um3ma",
            "inactive_state": null,
            "name": "IAMManagers.grp",
            "state": "ACTIVE",
            "time_created": "2020-03-09 13:24:32.347 +0000 UTC",
            "timeouts": null
          },
          "private": "eyJlMmJmYjczMC1lY2FhLTExZTYtOGY4OC0zNDM2M2JjN2M0YzAiOnsiY3JlYXRlIjo5MDAwMDAwMDAwMDAsImRlbGV0ZSI6OTAwMDAwMDAwMDAwLCJ1cGRhdGUiOjkwMDAwMDAwMDAwMH19"
        }
      ]
    },
    {
      "module": "module.iam",
      "mode": "managed",
      "type": "oci_identity_group",
      "name": "net_sec_admins",
      "provider": "provider.oci.home",
      "instances": [
        {
          "schema_version": 0,
          "attributes": {
            "compartment_id": "ocid1.tenancy.oc1..aaaaaaaaw7qkcglkhecp6bv3g2ww2tprsdwzkvwt65vuvtygo2657iddifjq",
            "defined_tags": {
              "Oracle-Tags.CreatedBy": "raul.realmoldes@plexus.es",
              "Oracle-Tags.CreatedOn": "2020-03-09T13:24:34.115Z"
            },
            "description": "Administrators of the VCNs, but restricted from the following resources: vcns, subnets, route-tables, dhcp-options, drgs, drg-attachments, vnics, vnic-attachments",
            "freeform_tags": {},
            "id": "ocid1.group.oc1..aaaaaaaacary2fy6ox3udecgdhrfsljnu63o6s2wuteaphk4ra22ddqimjxq",
            "inactive_state": null,
            "name": "NetSecAdmins.grp",
            "state": "ACTIVE",
            "time_created": "2020-03-09 13:24:34.128 +0000 UTC",
            "timeouts": null
          },
          "private": "eyJlMmJmYjczMC1lY2FhLTExZTYtOGY4OC0zNDM2M2JjN2M0YzAiOnsiY3JlYXRlIjo5MDAwMDAwMDAwMDAsImRlbGV0ZSI6OTAwMDAwMDAwMDAwLCJ1cGRhdGUiOjkwMDAwMDAwMDAwMH19"
        }
      ]
    },
    {
      "module": "module.iam",
      "mode": "managed",
      "type": "oci_identity_group",
      "name": "network_admins",
      "provider": "provider.oci.home",
      "instances": [
        {
          "schema_version": 0,
          "attributes": {
            "compartment_id": "ocid1.tenancy.oc1..aaaaaaaaw7qkcglkhecp6bv3g2ww2tprsdwzkvwt65vuvtygo2657iddifjq",
            "defined_tags": {
              "Oracle-Tags.CreatedBy": "raul.realmoldes@plexus.es",
              "Oracle-Tags.CreatedOn": "2020-03-09T13:24:34.660Z"
            },
            "description": "Administrators of the VCNs, but restricted from the following resources: security-lists, internet-gateways, cpes, ipsec-connections",
            "freeform_tags": {},
            "id": "ocid1.group.oc1..aaaaaaaafombhglnpeyjn2orgphdd4zt6z7qfyeofhcyyexqubv6e7cejzyq",
            "inactive_state": null,
            "name": "NetworkAdmins.grp",
            "state": "ACTIVE",
            "time_created": "2020-03-09 13:24:34.673 +0000 UTC",
            "timeouts": null
          },
          "private": "eyJlMmJmYjczMC1lY2FhLTExZTYtOGY4OC0zNDM2M2JjN2M0YzAiOnsiY3JlYXRlIjo5MDAwMDAwMDAwMDAsImRlbGV0ZSI6OTAwMDAwMDAwMDAwLCJ1cGRhdGUiOjkwMDAwMDAwMDAwMH19"
        }
      ]
    },
    {
      "module": "module.iam",
      "mode": "managed",
      "type": "oci_identity_group",
      "name": "read_only",
      "provider": "provider.oci.home",
      "instances": [
        {
          "schema_version": 0,
          "attributes": {
            "compartment_id": "ocid1.tenancy.oc1..aaaaaaaaw7qkcglkhecp6bv3g2ww2tprsdwzkvwt65vuvtygo2657iddifjq",
            "defined_tags": {
              "Oracle-Tags.CreatedBy": "raul.realmoldes@plexus.es",
              "Oracle-Tags.CreatedOn": "2020-03-09T13:24:31.788Z"
            },
            "description": "Groups for users allowed to view and inspect the tenancy configuration; for example, trainees",
            "freeform_tags": {},
            "id": "ocid1.group.oc1..aaaaaaaayrbl5vwgfocujzblpcllwrce6i3mewt7zuqaau6bywbwldxwfxjq",
            "inactive_state": null,
            "name": "ReadOnly.grp",
            "state": "ACTIVE",
            "time_created": "2020-03-09 13:24:32.02 +0000 UTC",
            "timeouts": null
          },
          "private": "eyJlMmJmYjczMC1lY2FhLTExZTYtOGY4OC0zNDM2M2JjN2M0YzAiOnsiY3JlYXRlIjo5MDAwMDAwMDAwMDAsImRlbGV0ZSI6OTAwMDAwMDAwMDAwLCJ1cGRhdGUiOjkwMDAwMDAwMDAwMH19"
        }
      ]
    },
    {
      "module": "module.iam",
      "mode": "managed",
      "type": "oci_identity_group",
      "name": "storage_admins",
      "provider": "provider.oci.home",
      "instances": [
        {
          "schema_version": 0,
          "attributes": {
            "compartment_id": "ocid1.tenancy.oc1..aaaaaaaaw7qkcglkhecp6bv3g2ww2tprsdwzkvwt65vuvtygo2657iddifjq",
            "defined_tags": {
              "Oracle-Tags.CreatedBy": "raul.realmoldes@plexus.es",
              "Oracle-Tags.CreatedOn": "2020-03-09T13:24:33.760Z"
            },
            "description": "Group for users allowed manage the Storage resources in the tenancy.",
            "freeform_tags": {},
            "id": "ocid1.group.oc1..aaaaaaaah4nnzare7jjip67lkcqozgqghawb6lln2vnhiflndrrdcyxckx3q",
            "inactive_state": null,
            "name": "StorageAdmins.grp",
            "state": "ACTIVE",
            "time_created": "2020-03-09 13:24:33.772 +0000 UTC",
            "timeouts": null
          },
          "private": "eyJlMmJmYjczMC1lY2FhLTExZTYtOGY4OC0zNDM2M2JjN2M0YzAiOnsiY3JlYXRlIjo5MDAwMDAwMDAwMDAsImRlbGV0ZSI6OTAwMDAwMDAwMDAwLCJ1cGRhdGUiOjkwMDAwMDAwMDAwMH19"
        }
      ]
    },
    {
      "module": "module.iam",
      "mode": "managed",
      "type": "oci_identity_group",
      "name": "sys_admins",
      "provider": "provider.oci.home",
      "instances": [
        {
          "schema_version": 0,
          "attributes": {
            "compartment_id": "ocid1.tenancy.oc1..aaaaaaaaw7qkcglkhecp6bv3g2ww2tprsdwzkvwt65vuvtygo2657iddifjq",
            "defined_tags": {
              "Oracle-Tags.CreatedBy": "raul.realmoldes@plexus.es",
              "Oracle-Tags.CreatedOn": "2020-03-09T13:24:31.793Z"
            },
            "description": "Group for users allowed manage the Compute and Storage resources in the tenancy. Tenant administrators should be in this group.",
            "freeform_tags": {},
            "id": "ocid1.group.oc1..aaaaaaaa3gfgplepfwetnuvsx75akmabldd3v5owxutuieairv7je6nko5tq",
            "inactive_state": null,
            "name": "SysAdmins.grp",
            "state": "ACTIVE",
            "time_created": "2020-03-09 13:24:31.809 +0000 UTC",
            "timeouts": null
          },
          "private": "eyJlMmJmYjczMC1lY2FhLTExZTYtOGY4OC0zNDM2M2JjN2M0YzAiOnsiY3JlYXRlIjo5MDAwMDAwMDAwMDAsImRlbGV0ZSI6OTAwMDAwMDAwMDAwLCJ1cGRhdGUiOjkwMDAwMDAwMDAwMH19"
        }
      ]
    },
    {
      "module": "module.iam",
      "mode": "managed",
      "type": "oci_identity_policy",
      "name": "db_admins",
      "provider": "provider.oci.home",
      "instances": [
        {
          "schema_version": 0,
          "attributes": {
            "ETag": "31389e055c56234d16480d59b99375cbcc81af97",
            "compartment_id": "ocid1.tenancy.oc1..aaaaaaaaw7qkcglkhecp6bv3g2ww2tprsdwzkvwt65vuvtygo2657iddifjq",
            "defined_tags": {
              "Oracle-Tags.CreatedBy": "raul.realmoldes@plexus.es",
              "Oracle-Tags.CreatedOn": "2020-03-09T13:24:35.126Z"
            },
            "description": "DBAdmins.pl",
            "freeform_tags": {},
            "id": "ocid1.policy.oc1..aaaaaaaa4or3vv2c6kjrk6wj43bjdbnmioyhdcby7qttv7xncaido2dayuoq",
            "inactive_state": null,
            "lastUpdateETag": "31389e055c56234d16480d59b99375cbcc81af97",
            "name": "DBAdmins.pl",
            "policyHash": "0b68912e1dbe67d03325e80fb672f280",
            "state": "ACTIVE",
            "statements": [
              "ALLOW GROUP DBAdmins.grp manage database-family IN TENANCY",
              "ALLOW GROUP DBAdmins.grp read all-resources IN TENANCY"
            ],
            "time_created": "2020-03-09 13:24:35.206 +0000 UTC",
            "timeouts": null,
            "version_date": null
          },
          "private": "eyJlMmJmYjczMC1lY2FhLTExZTYtOGY4OC0zNDM2M2JjN2M0YzAiOnsiY3JlYXRlIjo5MDAwMDAwMDAwMDAsImRlbGV0ZSI6OTAwMDAwMDAwMDAwLCJ1cGRhdGUiOjkwMDAwMDAwMDAwMH19",
          "dependencies": [
            "module.iam.oci_identity_group.db_admins"
          ]
        }
      ]
    },
    {
      "module": "module.iam",
      "mode": "managed",
      "type": "oci_identity_policy",
      "name": "iam_admin_managers",
      "provider": "provider.oci.home",
      "instances": [
        {
          "schema_version": 0,
          "attributes": {
            "ETag": "fb5f3dc4ecae9be9e7ac66d6f2729b94eb0ff04d",
            "compartment_id": "ocid1.tenancy.oc1..aaaaaaaaw7qkcglkhecp6bv3g2ww2tprsdwzkvwt65vuvtygo2657iddifjq",
            "defined_tags": {
              "Oracle-Tags.CreatedBy": "raul.realmoldes@plexus.es",
              "Oracle-Tags.CreatedOn": "2020-03-09T13:24:36.609Z"
            },
            "description": "IAMAdminManagers.pl",
            "freeform_tags": {},
            "id": "ocid1.policy.oc1..aaaaaaaaxo6mflb3tkobn4t5epk5ircpimifrekqsksoka4xbhpbz2mgb6ha",
            "inactive_state": null,
            "lastUpdateETag": "fb5f3dc4ecae9be9e7ac66d6f2729b94eb0ff04d",
            "name": "IAMAdminManagers.pl",
            "policyHash": "32540fb5332b53b77518acadc12ff426",
            "state": "ACTIVE",
            "statements": [
              "ALLOW GROUP IAMAdminManagers.grp to read users IN TENANCY",
              "ALLOW GROUP IAMAdminManagers.grp to read groups IN TENANCY",
              "ALLOW GROUP IAMAdminManagers.grp to manage users IN TENANCY",
              "ALLOW GROUP IAMAdminManagers.grp to manage groups IN TENANCY where target.group.name = 'Administrators'",
              "ALLOW GROUP IAMAdminManagers.grp to manage groups IN TENANCY where target.group.name = 'NetSecAdmins.grp'"
            ],
            "time_created": "2020-03-09 13:24:37.142 +0000 UTC",
            "timeouts": null,
            "version_date": null
          },
          "private": "eyJlMmJmYjczMC1lY2FhLTExZTYtOGY4OC0zNDM2M2JjN2M0YzAiOnsiY3JlYXRlIjo5MDAwMDAwMDAwMDAsImRlbGV0ZSI6OTAwMDAwMDAwMDAwLCJ1cGRhdGUiOjkwMDAwMDAwMDAwMH19",
          "dependencies": [
            "module.iam.oci_identity_group.iam_admin_managers",
            "module.iam.oci_identity_group.net_sec_admins"
          ]
        }
      ]
    },
    {
      "module": "module.iam",
      "mode": "managed",
      "type": "oci_identity_policy",
      "name": "iam_managers",
      "provider": "provider.oci.home",
      "instances": [
        {
          "schema_version": 0,
          "attributes": {
            "ETag": "5d0bc2478d53e1e5b6f29d683283005438d21cbd",
            "compartment_id": "ocid1.tenancy.oc1..aaaaaaaaw7qkcglkhecp6bv3g2ww2tprsdwzkvwt65vuvtygo2657iddifjq",
            "defined_tags": {
              "Oracle-Tags.CreatedBy": "raul.realmoldes@plexus.es",
              "Oracle-Tags.CreatedOn": "2020-03-09T13:24:36.517Z"
            },
            "description": "IAMManagers.pl",
            "freeform_tags": {},
            "id": "ocid1.policy.oc1..aaaaaaaawaltwg6egfh7ux6trcc4xytmxcdsi6kxz4jwi5qoso4igo6vyrla",
            "inactive_state": null,
            "lastUpdateETag": "5d0bc2478d53e1e5b6f29d683283005438d21cbd",
            "name": "IAMManagers.pl",
            "policyHash": "ac8c0dbca31392b4ff6893bcada6fcda",
            "state": "ACTIVE",
            "statements": [
              "ALLOW GROUP IAMManagers.grp to read users IN TENANCY",
              "ALLOW GROUP IAMManagers.grp to read groups IN TENANCY",
              "ALLOW GROUP IAMManagers.grp to manage users IN TENANCY",
              "ALLOW GROUP IAMManagers.grp to manage groups IN TENANCY where all {target.group.name ! = 'Administrators', target.group.name ! = 'NetSecAdmins.grp'}"
            ],
            "time_created": "2020-03-09 13:24:36.653 +0000 UTC",
            "timeouts": null,
            "version_date": null
          },
          "private": "eyJlMmJmYjczMC1lY2FhLTExZTYtOGY4OC0zNDM2M2JjN2M0YzAiOnsiY3JlYXRlIjo5MDAwMDAwMDAwMDAsImRlbGV0ZSI6OTAwMDAwMDAwMDAwLCJ1cGRhdGUiOjkwMDAwMDAwMDAwMH19",
          "dependencies": [
            "module.iam.oci_identity_group.iam_managers",
            "module.iam.oci_identity_group.net_sec_admins"
          ]
        }
      ]
    },
    {
      "module": "module.iam",
      "mode": "managed",
      "type": "oci_identity_policy",
      "name": "net_sec_admins",
      "provider": "provider.oci.home",
      "instances": [
        {
          "schema_version": 0,
          "attributes": {
            "ETag": "8d1f38c6f591e1af9acd058472a4fbedde24e2aa",
            "compartment_id": "ocid1.tenancy.oc1..aaaaaaaaw7qkcglkhecp6bv3g2ww2tprsdwzkvwt65vuvtygo2657iddifjq",
            "defined_tags": {
              "Oracle-Tags.CreatedBy": "raul.realmoldes@plexus.es",
              "Oracle-Tags.CreatedOn": "2020-03-09T13:24:36.473Z"
            },
            "description": "NetSecAdmins.pl",
            "freeform_tags": {},
            "id": "ocid1.policy.oc1..aaaaaaaaablbd4hc2qsulgx5c3l5jdm6lu7wfazwv6qxpxf2jfj4jdyo7doa",
            "inactive_state": null,
            "lastUpdateETag": "8d1f38c6f591e1af9acd058472a4fbedde24e2aa",
            "name": "NetSecAdmins.pl",
            "policyHash": "0c9d6578f8bfddc99a7b7ea4b5e8669b",
            "state": "ACTIVE",
            "statements": [
              "ALLOW GROUP NetSecAdmins.grp to manage security-lists IN TENANCY",
              "ALLOW GROUP NetSecAdmins.grp to manage internet-gateways IN TENANCY",
              "ALLOW GROUP NetSecAdmins.grp to manage cpes IN TENANCY",
              "ALLOW GROUP NetSecAdmins.grp to manage ipsec-connections IN TENANCY",
              "ALLOW GROUP NetSecAdmins.grp to use virtual-network-family IN TENANCY",
              "ALLOW GROUP NetSecAdmins.grp to manage load-balancers IN TENANCY",
              "ALLOW GROUP NetSecAdmins.grp to read all-resources IN TENANCY"
            ],
            "time_created": "2020-03-09 13:24:36.789 +0000 UTC",
            "timeouts": null,
            "version_date": null
          },
          "private": "eyJlMmJmYjczMC1lY2FhLTExZTYtOGY4OC0zNDM2M2JjN2M0YzAiOnsiY3JlYXRlIjo5MDAwMDAwMDAwMDAsImRlbGV0ZSI6OTAwMDAwMDAwMDAwLCJ1cGRhdGUiOjkwMDAwMDAwMDAwMH19",
          "dependencies": [
            "module.iam.oci_identity_group.net_sec_admins"
          ]
        }
      ]
    },
    {
      "module": "module.iam",
      "mode": "managed",
      "type": "oci_identity_policy",
      "name": "network_admins",
      "provider": "provider.oci.home",
      "instances": [
        {
          "schema_version": 0,
          "attributes": {
            "ETag": "25a20b3db67034536eafa2c0c31a7beb3853a224",
            "compartment_id": "ocid1.tenancy.oc1..aaaaaaaaw7qkcglkhecp6bv3g2ww2tprsdwzkvwt65vuvtygo2657iddifjq",
            "defined_tags": {
              "Oracle-Tags.CreatedBy": "raul.realmoldes@plexus.es",
              "Oracle-Tags.CreatedOn": "2020-03-09T13:24:37.051Z"
            },
            "description": "NetworkAdmins.pl",
            "freeform_tags": {},
            "id": "ocid1.policy.oc1..aaaaaaaay24ppwrkzfrk7pddcdszuw2qaeuu3uglnefmz7wzli2ufqjdynxq",
            "inactive_state": null,
            "lastUpdateETag": "25a20b3db67034536eafa2c0c31a7beb3853a224",
            "name": "NetworkAdmins.pl",
            "policyHash": "dfaa1545083f7368ac4b6d9a94fcf6b5",
            "state": "ACTIVE",
            "statements": [
              "ALLOW GROUP NetworkAdmins.grp to manage vcns IN TENANCY",
              "ALLOW GROUP NetworkAdmins.grp to manage subnets IN TENANCY",
              "ALLOW GROUP NetworkAdmins.grp to manage route-tables IN TENANCY",
              "ALLOW GROUP NetworkAdmins.grp to manage dhcp-options IN TENANCY",
              "ALLOW GROUP NetworkAdmins.grp to manage drgs IN TENANCY",
              "ALLOW GROUP NetworkAdmins.grp to manage cross-connects IN TENANCY",
              "ALLOW GROUP NetworkAdmins.grp to manage cross-connect-groups IN TENANCY",
              "ALLOW GROUP NetworkAdmins.grp to manage virtual-circuits IN TENANCY",
              "ALLOW GROUP NetworkAdmins.grp to manage vnics IN TENANCY",
              "ALLOW GROUP NetworkAdmins.grp to manage vnic-attachments IN TENANCY",
              "ALLOW GROUP NetworkAdmins.grp to manage load-balancers IN TENANCY",
              "ALLOW GROUP NetworkAdmins.grp to use virtual-network-family IN TENANCY",
              "ALLOW GROUP NetworkAdmins.grp to read all-resources IN TENANCY"
            ],
            "time_created": "2020-03-09 13:24:37.562 +0000 UTC",
            "timeouts": null,
            "version_date": null
          },
          "private": "eyJlMmJmYjczMC1lY2FhLTExZTYtOGY4OC0zNDM2M2JjN2M0YzAiOnsiY3JlYXRlIjo5MDAwMDAwMDAwMDAsImRlbGV0ZSI6OTAwMDAwMDAwMDAwLCJ1cGRhdGUiOjkwMDAwMDAwMDAwMH19",
          "dependencies": [
            "module.iam.oci_identity_group.network_admins"
          ]
        }
      ]
    },
    {
      "module": "module.iam",
      "mode": "managed",
      "type": "oci_identity_policy",
      "name": "read_only",
      "provider": "provider.oci.home",
      "instances": [
        {
          "schema_version": 0,
          "attributes": {
            "ETag": "0982f27e7a0c77c8b0a39779992769f274c79460",
            "compartment_id": "ocid1.tenancy.oc1..aaaaaaaaw7qkcglkhecp6bv3g2ww2tprsdwzkvwt65vuvtygo2657iddifjq",
            "defined_tags": {
              "Oracle-Tags.CreatedBy": "raul.realmoldes@plexus.es",
              "Oracle-Tags.CreatedOn": "2020-03-09T13:24:34.910Z"
            },
            "description": "ReadOnly.pl",
            "freeform_tags": {},
            "id": "ocid1.policy.oc1..aaaaaaaaze3vlixe6vwd64nj4m32h3wjn63lxaaj7qc4cfjejpk6t32ln7zq",
            "inactive_state": null,
            "lastUpdateETag": "0982f27e7a0c77c8b0a39779992769f274c79460",
            "name": "ReadOnly.pl",
            "policyHash": "9d6c7375622e1b75b60ba44abf460221",
            "state": "ACTIVE",
            "statements": [
              "ALLOW GROUP ReadOnly.grp to read all-resources IN TENANCY"
            ],
            "time_created": "2020-03-09 13:24:35.354 +0000 UTC",
            "timeouts": null,
            "version_date": null
          },
          "private": "eyJlMmJmYjczMC1lY2FhLTExZTYtOGY4OC0zNDM2M2JjN2M0YzAiOnsiY3JlYXRlIjo5MDAwMDAwMDAwMDAsImRlbGV0ZSI6OTAwMDAwMDAwMDAwLCJ1cGRhdGUiOjkwMDAwMDAwMDAwMH19",
          "dependencies": [
            "module.iam.oci_identity_group.read_only"
          ]
        }
      ]
    },
    {
      "module": "module.iam",
      "mode": "managed",
      "type": "oci_identity_policy",
      "name": "storage_admins",
      "provider": "provider.oci.home",
      "instances": [
        {
          "schema_version": 0,
          "attributes": {
            "ETag": "3eb4db7bf3548367b1853e4f36cecb7ed1dc1ebb",
            "compartment_id": "ocid1.tenancy.oc1..aaaaaaaaw7qkcglkhecp6bv3g2ww2tprsdwzkvwt65vuvtygo2657iddifjq",
            "defined_tags": {
              "Oracle-Tags.CreatedBy": "raul.realmoldes@plexus.es",
              "Oracle-Tags.CreatedOn": "2020-03-09T13:24:36.124Z"
            },
            "description": "StorageAdmins.pl",
            "freeform_tags": {},
            "id": "ocid1.policy.oc1..aaaaaaaaoj54bm3f7kousvgn4i2mdbr77ajdlo2smdzjcwl42v7odw5e5dna",
            "inactive_state": null,
            "lastUpdateETag": "3eb4db7bf3548367b1853e4f36cecb7ed1dc1ebb",
            "name": "StorageAdmins.pl",
            "policyHash": "ef8a8e12e7aa1c0c228b19a19c1e79d6",
            "state": "ACTIVE",
            "statements": [
              "ALLOW GROUP StorageAdmins.grp to manage object-family IN TENANCY",
              "ALLOW GROUP StorageAdmins.grp to manage volume-family IN TENANCY",
              "ALLOW GROUP StorageAdmins.grp to read all-resources IN TENANCY"
            ],
            "time_created": "2020-03-09 13:24:36.279 +0000 UTC",
            "timeouts": null,
            "version_date": null
          },
          "private": "eyJlMmJmYjczMC1lY2FhLTExZTYtOGY4OC0zNDM2M2JjN2M0YzAiOnsiY3JlYXRlIjo5MDAwMDAwMDAwMDAsImRlbGV0ZSI6OTAwMDAwMDAwMDAwLCJ1cGRhdGUiOjkwMDAwMDAwMDAwMH19",
          "dependencies": [
            "module.iam.oci_identity_group.storage_admins"
          ]
        }
      ]
    },
    {
      "module": "module.iam",
      "mode": "managed",
      "type": "oci_identity_policy",
      "name": "sys_admins",
      "provider": "provider.oci.home",
      "instances": [
        {
          "schema_version": 0,
          "attributes": {
            "ETag": "2fe3bcf2facf226f0909e764549180bda19c0cc4",
            "compartment_id": "ocid1.tenancy.oc1..aaaaaaaaw7qkcglkhecp6bv3g2ww2tprsdwzkvwt65vuvtygo2657iddifjq",
            "defined_tags": {
              "Oracle-Tags.CreatedBy": "raul.realmoldes@plexus.es",
              "Oracle-Tags.CreatedOn": "2020-03-09T13:24:34.428Z"
            },
            "description": "SysAdmins.pl",
            "freeform_tags": {},
            "id": "ocid1.policy.oc1..aaaaaaaaeg4dmplqhfpsdamj3canhyoz3m73xvth5jr62upe5vkklucslldq",
            "inactive_state": null,
            "lastUpdateETag": "2fe3bcf2facf226f0909e764549180bda19c0cc4",
            "name": "SysAdmins.pl",
            "policyHash": "027e4a64efab040393c3904b5b2bf751",
            "state": "ACTIVE",
            "statements": [
              "ALLOW GROUP SysAdmins.grp to manage instance-family IN TENANCY where all {target.compartment.name=/*/, target.compartment.name!=/prueba_dev_networks/}",
              "ALLOW GROUP SysAdmins.grp to manage object-family IN TENANCY where all {target.compartment.name=/*/, target.compartment.name!=/prueba_dev_networks/}",
              "ALLOW GROUP SysAdmins.grp to manage volume-family IN TENANCY where all {target.compartment.name=/*/ , target.compartment.name!=/prueba_dev_networks/}",
              "ALLOW GROUP SysAdmins.grp to use load-balancers IN TENANCY where all {target.compartment.name=/*/ , target.compartment.name!=/prueba_dev_networks/}",
              "ALLOW GROUP SysAdmins.grp to use subnets IN TENANCY where target.compartment.name=/prueba_dev_networks/",
              "ALLOW GROUP SysAdmins.grp to use vnics IN TENANCY where target.compartment.name=/prueba_dev_networks/",
              "ALLOW GROUP SysAdmins.grp to use vnic-attachments IN TENANCY where target.compartment.name=/prueba_dev_networks/",
              "ALLOW GROUP SysAdmins.grp to manage compartments in Tenancy where all {target.compartment.name=/*/ , target.compartment.name!=/prueba_dev_networks/, target.compartment.name!=/Shared-Infra-Services/}",
              "ALLOW GROUP SysAdmins.grp to read all-resources IN TENANCY"
            ],
            "time_created": "2020-03-09 13:24:34.75 +0000 UTC",
            "timeouts": null,
            "version_date": null
          },
          "private": "eyJlMmJmYjczMC1lY2FhLTExZTYtOGY4OC0zNDM2M2JjN2M0YzAiOnsiY3JlYXRlIjo5MDAwMDAwMDAwMDAsImRlbGV0ZSI6OTAwMDAwMDAwMDAwLCJ1cGRhdGUiOjkwMDAwMDAwMDAwMH19",
          "dependencies": [
            "module.iam.oci_identity_group.sys_admins"
          ]
        }
      ]
    }
  ]
}
