{
  "version": 4,
  "terraform_version": "0.12.23",
  "serial": 25,
  "lineage": "12ad5c90-f8ac-0c45-9caa-a10b1197dbd5",
  "outputs": {
    "ad_names": {
      "value": [
        "Gzzy:UK-LONDON-1-AD-1",
        "Gzzy:UK-LONDON-1-AD-2",
        "Gzzy:UK-LONDON-1-AD-3"
      ],
      "type": [
        "list",
        "string"
      ]
    },
    "admin_private_ip": {
      "value": "10.0.1.10",
      "type": "string"
    },
    "bastion_public_ip": {
      "value": "132.145.77.98",
      "type": "string"
    },
    "group_name": {
      "value": "dev-admin_instance_principal",
      "type": "string"
    },
    "home_region": {
      "value": "uk-london-1",
      "type": "string"
    },
    "ig_route_id": {
      "value": "ocid1.routetable.oc1.uk-london-1.aaaaaaaach6aqyuv2ijrilbdjsj4thbq3edfpfq7mme6agncxs2guw5djdyq",
      "type": "string"
    },
    "nat_gateway_id": {
      "value": "ocid1.natgateway.oc1.uk-london-1.aaaaaaaa5k7cmjjq3gere6wlemqbkjlzc2pcbmr4ov5kncdgtlksqwaus7aa",
      "type": "string"
    },
    "nat_route_id": {
      "value": "ocid1.routetable.oc1.uk-london-1.aaaaaaaap2l4sl4srsxi3xqwz7lrmmemdsizecb2gxsi6mqcqumr2hlmkjjq",
      "type": "string"
    },
    "ssh_to_admin": {
      "value": "ssh -i /home/raul/.ssh/id_rsa -J opc@132.145.77.98 opc@10.0.1.10",
      "type": "string"
    },
    "ssh_to_bastion": {
      "value": "ssh -i /home/raul/.ssh/id_rsa opc@132.145.77.98",
      "type": "string"
    },
    "vcn_id": {
      "value": "ocid1.vcn.oc1.uk-london-1.amaaaaaa6c3t5oaaag6p7bwlorpwslawwlchcfcmixyle55y65xbnzw7iacq",
      "type": "string"
    }
  },
  "resources": [
    {
      "module": "module.admin",
      "mode": "data",
      "type": "oci_core_images",
      "name": "admin_images",
      "provider": "provider.oci",
      "instances": [
        {
          "schema_version": 0,
          "attributes": {
            "compartment_id": "ocid1.tenancy.oc1..aaaaaaaaw7qkcglkhecp6bv3g2ww2tprsdwzkvwt65vuvtygo2657iddifjq",
            "display_name": null,
            "filter": null,
            "id": "2020-03-12 12:34:59.464167887 +0000 UTC",
            "images": [
              {
                "agent_features": [],
                "base_image_id": "",
                "compartment_id": "",
                "create_image_allowed": true,
                "defined_tags": {
                  "engineer.creator": "teamcityimagegen"
                },
                "display_name": "Oracle-Linux-7.7-2020.02.21-0",
                "freeform_tags": {},
                "id": "ocid1.image.oc1.uk-london-1.aaaaaaaa2uwbd457cd2gtviihmxw7cqfmqcug4ahdg7ivgyzla25pgrn6soa",
                "image_source_details": [],
                "instance_id": "",
                "launch_mode": "NATIVE",
                "launch_options": [
                  {
                    "boot_volume_type": "PARAVIRTUALIZED",
                    "firmware": "UEFI_64",
                    "is_consistent_volume_naming_enabled": true,
                    "is_pv_encryption_in_transit_enabled": true,
                    "network_type": "PARAVIRTUALIZED",
                    "remote_data_volume_type": "PARAVIRTUALIZED"
                  }
                ],
                "operating_system": "Oracle Linux",
                "operating_system_version": "7.7",
                "size_in_mbs": "47694",
                "state": "AVAILABLE",
                "time_created": "2020-02-22 02:01:17.677 +0000 UTC"
              },
              {
                "agent_features": [],
                "base_image_id": "",
                "compartment_id": "",
                "create_image_allowed": true,
                "defined_tags": {
                  "engineer.creator": "teamcityimagegen"
                },
                "display_name": "Oracle-Linux-7.7-2020.01.28-0",
                "freeform_tags": {},
                "id": "ocid1.image.oc1.uk-london-1.aaaaaaaa2jxzt25jti6n64ks3hqbqbxlbkmvel6wew5dc2ms3hk3d3bdrdoa",
                "image_source_details": [],
                "instance_id": "",
                "launch_mode": "NATIVE",
                "launch_options": [
                  {
                    "boot_volume_type": "PARAVIRTUALIZED",
                    "firmware": "UEFI_64",
                    "is_consistent_volume_naming_enabled": true,
                    "is_pv_encryption_in_transit_enabled": true,
                    "network_type": "PARAVIRTUALIZED",
                    "remote_data_volume_type": "PARAVIRTUALIZED"
                  }
                ],
                "operating_system": "Oracle Linux",
                "operating_system_version": "7.7",
                "size_in_mbs": "47694",
                "state": "AVAILABLE",
                "time_created": "2020-01-29 20:06:27.138 +0000 UTC"
              },
              {
                "agent_features": [],
                "base_image_id": "",
                "compartment_id": "",
                "create_image_allowed": true,
                "defined_tags": {},
                "display_name": "Oracle-Linux-7.7-2019.12.18-0",
                "freeform_tags": {},
                "id": "ocid1.image.oc1.uk-london-1.aaaaaaaagwdcgcw4squjusjy4yoyzxlewn6omj75f2xur2qpo7dgwexnzyhq",
                "image_source_details": [],
                "instance_id": "",
                "launch_mode": "NATIVE",
                "launch_options": [
                  {
                    "boot_volume_type": "PARAVIRTUALIZED",
                    "firmware": "UEFI_64",
                    "is_consistent_volume_naming_enabled": true,
                    "is_pv_encryption_in_transit_enabled": true,
                    "network_type": "PARAVIRTUALIZED",
                    "remote_data_volume_type": "PARAVIRTUALIZED"
                  }
                ],
                "operating_system": "Oracle Linux",
                "operating_system_version": "7.7",
                "size_in_mbs": "47694",
                "state": "AVAILABLE",
                "time_created": "2019-12-18 23:14:47.304 +0000 UTC"
              }
            ],
            "operating_system": "Oracle Linux",
            "operating_system_version": "7.7",
            "shape": "VM.Standard.E2.2",
            "sort_by": "TIMECREATED",
            "sort_order": null,
            "state": null
          }
        }
      ]
    },
    {
      "module": "module.bastion",
      "mode": "data",
      "type": "oci_core_images",
      "name": "autonomous_images",
      "provider": "provider.oci",
      "instances": [
        {
          "schema_version": 0,
          "attributes": {
            "compartment_id": "ocid1.tenancy.oc1..aaaaaaaaw7qkcglkhecp6bv3g2ww2tprsdwzkvwt65vuvtygo2657iddifjq",
            "display_name": null,
            "filter": null,
            "id": "2020-03-12 12:34:59.458531257 +0000 UTC",
            "images": [
              {
                "agent_features": [],
                "base_image_id": "",
                "compartment_id": "",
                "create_image_allowed": true,
                "defined_tags": {
                  "engineer.creator": "teamcityimagegen"
                },
                "display_name": "Oracle-Autonomous-Linux-7.7-2020.02-0",
                "freeform_tags": {},
                "id": "ocid1.image.oc1.uk-london-1.aaaaaaaa6ltpog6a5zoblvjqk2fuxf7baclsv4bg4c4xr2efph42zvovye6a",
                "image_source_details": [],
                "instance_id": "",
                "launch_mode": "NATIVE",
                "launch_options": [
                  {
                    "boot_volume_type": "PARAVIRTUALIZED",
                    "firmware": "UEFI_64",
                    "is_consistent_volume_naming_enabled": true,
                    "is_pv_encryption_in_transit_enabled": true,
                    "network_type": "PARAVIRTUALIZED",
                    "remote_data_volume_type": "PARAVIRTUALIZED"
                  }
                ],
                "operating_system": "Oracle Autonomous Linux",
                "operating_system_version": "7.7",
                "size_in_mbs": "47694",
                "state": "AVAILABLE",
                "time_created": "2020-02-24 18:55:12.134 +0000 UTC"
              },
              {
                "agent_features": [],
                "base_image_id": "",
                "compartment_id": "",
                "create_image_allowed": true,
                "defined_tags": {
                  "engineer.creator": "teamcityimagegen"
                },
                "display_name": "Oracle-Autonomous-Linux-7.7-2020.01-0",
                "freeform_tags": {},
                "id": "ocid1.image.oc1.uk-london-1.aaaaaaaagrm3p6wyk7pu2rw32464uehjwjq6ya4joflgxf6ipu4g3prp7ujq",
                "image_source_details": [],
                "instance_id": "",
                "launch_mode": "NATIVE",
                "launch_options": [
                  {
                    "boot_volume_type": "PARAVIRTUALIZED",
                    "firmware": "UEFI_64",
                    "is_consistent_volume_naming_enabled": true,
                    "is_pv_encryption_in_transit_enabled": true,
                    "network_type": "PARAVIRTUALIZED",
                    "remote_data_volume_type": "PARAVIRTUALIZED"
                  }
                ],
                "operating_system": "Oracle Autonomous Linux",
                "operating_system_version": "7.7",
                "size_in_mbs": "47694",
                "state": "AVAILABLE",
                "time_created": "2020-01-30 20:18:59.224 +0000 UTC"
              },
              {
                "agent_features": [],
                "base_image_id": "",
                "compartment_id": "",
                "create_image_allowed": true,
                "defined_tags": {},
                "display_name": "Oracle-Autonomous-Linux-7.7-2019.12-0",
                "freeform_tags": {},
                "id": "ocid1.image.oc1.uk-london-1.aaaaaaaashzotj6muxv7kngmfojj4m7puurqovreapiqyzo7ezgt4cqfe3bq",
                "image_source_details": [],
                "instance_id": "",
                "launch_mode": "NATIVE",
                "launch_options": [
                  {
                    "boot_volume_type": "PARAVIRTUALIZED",
                    "firmware": "UEFI_64",
                    "is_consistent_volume_naming_enabled": true,
                    "is_pv_encryption_in_transit_enabled": true,
                    "network_type": "PARAVIRTUALIZED",
                    "remote_data_volume_type": "PARAVIRTUALIZED"
                  }
                ],
                "operating_system": "Oracle Autonomous Linux",
                "operating_system_version": "7.7",
                "size_in_mbs": "47694",
                "state": "AVAILABLE",
                "time_created": "2020-01-09 17:48:16.361 +0000 UTC"
              }
            ],
            "operating_system": "Oracle Autonomous Linux",
            "operating_system_version": "7.7",
            "shape": "VM.Standard.E2.2",
            "sort_by": "TIMECREATED",
            "sort_order": null,
            "state": null
          }
        }
      ]
    },
    {
      "module": "module.admin",
      "mode": "data",
      "type": "oci_core_instance",
      "name": "admin",
      "each": "list",
      "provider": "provider.oci",
      "instances": [
        {
          "index_key": 0,
          "schema_version": 0,
          "attributes": {
            "agent_config": [
              {
                "is_management_disabled": false,
                "is_monitoring_disabled": false
              }
            ],
            "availability_domain": "Gzzy:UK-LONDON-1-AD-1",
            "boot_volume_id": "ocid1.bootvolume.oc1.uk-london-1.abwgiljtmpslqyia567axcsiexlvatkpbsynsmdeexxklubfrqvibb3ctoza",
            "compartment_id": "ocid1.tenancy.oc1..aaaaaaaaw7qkcglkhecp6bv3g2ww2tprsdwzkvwt65vuvtygo2657iddifjq",
            "create_vnic_details": null,
            "dedicated_vm_host_id": null,
            "defined_tags": {
              "Oracle-Tags.CreatedBy": "raul.realmoldes@plexus.es",
              "Oracle-Tags.CreatedOn": "2020-03-12T12:27:51.949Z"
            },
            "display_name": "dev-admin",
            "extended_metadata": null,
            "fault_domain": "FAULT-DOMAIN-3",
            "freeform_tags": {
              "Envrionment": "UAT"
            },
            "hostname_label": "admin",
            "id": "ocid1.instance.oc1.uk-london-1.anwgiljt6c3t5oacgiubyijkgshpeww3upbgzwrn25edlgje6gcjx3snmcna",
            "image": "ocid1.image.oc1.uk-london-1.aaaaaaaa2uwbd457cd2gtviihmxw7cqfmqcug4ahdg7ivgyzla25pgrn6soa",
            "instance_id": "ocid1.instance.oc1.uk-london-1.anwgiljt6c3t5oacgiubyijkgshpeww3upbgzwrn25edlgje6gcjx3snmcna",
            "ipxe_script": null,
            "is_pv_encryption_in_transit_enabled": null,
            "launch_mode": "PARAVIRTUALIZED",
            "launch_options": [
              {
                "boot_volume_type": "PARAVIRTUALIZED",
                "firmware": "UEFI_64",
                "is_consistent_volume_naming_enabled": true,
                "is_pv_encryption_in_transit_enabled": false,
                "network_type": "PARAVIRTUALIZED",
                "remote_data_volume_type": "PARAVIRTUALIZED"
              }
            ],
            "metadata": {
              "ssh_authorized_keys": "ssh-rsa AAAAB3NzaC1yc2EAAAADAQABAAABAQDykB17NGg618t4hhqFS22qBzH8dp8ynsai9TWxt9wCqRWQh3d9A3IhvASdm3h56u/olqNTHS2vvqSOWR8AjsKAfFAPO5GVfrTdFCRzGBn/dCLAG2VABzMWlEARwUchM+L+lJ1EcnvkyVcN7ihFszlIFaHhAu76D187NqQM7JA0kSXjVrhKof/clYVXISNKQaVyx2gU7JZEwmE47MzohVu70HOeAthu6l7aFyPhhRihxbUy0ayEz2xH1aOakQN22voMeb9hbKK//IXZraHqK1+0vAf5KoYA5VkEMvz0rQCNbGj7IqfgOsuC847l3zro+ZMhcNx0KyQC1nuKhYfQ/E7P raul@debian\n",
              "user_data": "H4sIAAAAAAAA/2xUX2/iuBd9j9TvcJU+dsAJ0EIz6khpQgr9QaH8h5fKOA5xSWxjO0DQ78OvgOlOtbt5sHTvPefk3JzIgeCGclOZlJJ6kBeZYRIrg3J2pPFPWIuCx1iVT3a/228/D6ZvoT9a2ta5qsyo0kxwD9yqc2PdWJXKd9CN9aUdMi2FZuaCxcZgkuaUm5+QsIxynNMnG8c549US55n9hzdRmOuEqkqbExEzvvGguWbmG+Bi2tCjQSQTRVwhgidsc2P1WU7/Ze8WAiFLxTapgZrjNn+cz8cfMFCYZBQCoaRQ+OwSMI+RUICThGUMG6qrAH6WwYWsQVFN1Z7GVesWeoxQrmkMBY+pApNSmHK2p0rjDIZU5UxrtqdfONif7QDWoFNx4IANpMZI7SEktK6Ki5cqETnKrgSNCplZ1u33BS2JyRZv6EchNwrH1IMEZ5p+tbVnAVRAliYVvG4ZltOT4NQDv9BG4YxhNC5jTkvroJihH+cYtGfdgqamkKCJYtJcJbBJPbCREsKgS0bXs6pT2wIAkL8XFFx7YDtNx7n26d+J2ZsTk3drrOlD4zoj1/Q8+P+lBOg0dNf//SCnHOh589T3y3Z8qkcoaeN5iydizp7D9mLuF/Vx711/9k/RaDR6bZdikey3n9iP3O6297lvKokQ+3ztOFt+f1KauPmOB0mIWvUaWdTiSa1ozd53I03u3Pu2yAfLzvih04/4tDFOl0fXj+7Z0XfnswgX/cZd+ID83WY1LNnr6kWp4LW1irb3OzFtkabb3Ymy5dY6L7FJfbcnsl5rXIbBKlrUa8OdHtzFqywYctY43G32ciHqb90Cv0y3SzR+JHk6W3c6xYs59Khe/W84WfS25l0cxbAI5a5sopCzkTOf8Ud6WPejekPOAonqw+WYTHTzccEdde+Iz4FLt8NBWGy7Q6dLRP3yDVHr2fdDhBz8to/k0n/3fUsVnOSxZ0EFKEkF2MHlVyoU4xu4hlqt2ufxGusU/ivyP1x6lEIZGATdj6DX/fCnk84T49pgTuiHVIwTJnFmw69fACgVOUVCElQ9KytyljGiIOm30fUVCeNMp/+8SCqVG+uvAAAA//+GTBw8pwQAAA=="
            },
            "preserve_boot_volume": null,
            "private_ip": "10.0.1.10",
            "public_ip": "",
            "region": "uk-london-1",
            "shape": "VM.Standard.E2.2",
            "source_details": [
              {
                "boot_volume_size_in_gbs": "47",
                "kms_key_id": "",
                "source_id": "ocid1.image.oc1.uk-london-1.aaaaaaaa2uwbd457cd2gtviihmxw7cqfmqcug4ahdg7ivgyzla25pgrn6soa",
                "source_type": "image"
              }
            ],
            "state": "RUNNING",
            "subnet_id": "ocid1.subnet.oc1.uk-london-1.aaaaaaaavwgxc5dj6zwhzb3sxbkdebabknlsa2acveunx2pjidxppibjc4ka",
            "system_tags": {},
            "time_created": "2020-03-12 12:27:52.724 +0000 UTC",
            "time_maintenance_reboot_due": null
          }
        }
      ]
    },
    {
      "module": "module.bastion",
      "mode": "data",
      "type": "oci_core_instance",
      "name": "bastion",
      "each": "list",
      "provider": "provider.oci",
      "instances": [
        {
          "index_key": 0,
          "schema_version": 0,
          "attributes": {
            "agent_config": [
              {
                "is_management_disabled": false,
                "is_monitoring_disabled": false
              }
            ],
            "availability_domain": "Gzzy:UK-LONDON-1-AD-1",
            "boot_volume_id": "ocid1.bootvolume.oc1.uk-london-1.abwgiljtdkxjhe4oy4nk2xrzlxosiaspq22micpbfq4bb5nrrqscttyv2tqa",
            "compartment_id": "ocid1.tenancy.oc1..aaaaaaaaw7qkcglkhecp6bv3g2ww2tprsdwzkvwt65vuvtygo2657iddifjq",
            "create_vnic_details": null,
            "dedicated_vm_host_id": null,
            "defined_tags": {
              "Oracle-Tags.CreatedBy": "raul.realmoldes@plexus.es",
              "Oracle-Tags.CreatedOn": "2020-03-12T12:27:52.464Z"
            },
            "display_name": "dev-bastion",
            "extended_metadata": null,
            "fault_domain": "FAULT-DOMAIN-3",
            "freeform_tags": {
              "Envrionment": "UAT"
            },
            "hostname_label": "bastion",
            "id": "ocid1.instance.oc1.uk-london-1.anwgiljt6c3t5oactiuov43idtxzs4zutzzfubre6cnwhc4654fcr2f24w4a",
            "image": "ocid1.image.oc1.uk-london-1.aaaaaaaa6ltpog6a5zoblvjqk2fuxf7baclsv4bg4c4xr2efph42zvovye6a",
            "instance_id": "ocid1.instance.oc1.uk-london-1.anwgiljt6c3t5oactiuov43idtxzs4zutzzfubre6cnwhc4654fcr2f24w4a",
            "ipxe_script": null,
            "is_pv_encryption_in_transit_enabled": null,
            "launch_mode": "PARAVIRTUALIZED",
            "launch_options": [
              {
                "boot_volume_type": "PARAVIRTUALIZED",
                "firmware": "UEFI_64",
                "is_consistent_volume_naming_enabled": true,
                "is_pv_encryption_in_transit_enabled": false,
                "network_type": "PARAVIRTUALIZED",
                "remote_data_volume_type": "PARAVIRTUALIZED"
              }
            ],
            "metadata": {
              "ssh_authorized_keys": "ssh-rsa AAAAB3NzaC1yc2EAAAADAQABAAABAQDykB17NGg618t4hhqFS22qBzH8dp8ynsai9TWxt9wCqRWQh3d9A3IhvASdm3h56u/olqNTHS2vvqSOWR8AjsKAfFAPO5GVfrTdFCRzGBn/dCLAG2VABzMWlEARwUchM+L+lJ1EcnvkyVcN7ihFszlIFaHhAu76D187NqQM7JA0kSXjVrhKof/clYVXISNKQaVyx2gU7JZEwmE47MzohVu70HOeAthu6l7aFyPhhRihxbUy0ayEz2xH1aOakQN22voMeb9hbKK//IXZraHqK1+0vAf5KoYA5VkEMvz0rQCNbGj7IqfgOsuC847l3zro+ZMhcNx0KyQC1nuKhYfQ/E7P raul@debian\n",
              "user_data": "H4sIAAAAAAAA/3xTUXOyOBR9Z6b/4Q597AdBq9XyTR8QsbWtohba6stOgAipkGASUJj98TvadrezO7N5SObmnpM5955clzNFmDKCpiQ2FFWuaImFQgU9kuQ3RLxiCRbNnT6bzryRH87Hzmqta6fIeCVCUs5s6JjWhXahGcZP0IX2/faYypJLqs5YrBSOs4Iw9Ru2NCcMF+ROj7A8pc0GF7n+DzMQmMktEYbHYp5QltowiKj6ATjLVuSoUJzzKjFizrY0vdBmtCD/EXgJLi8bQdNMQdfqDH6d9ttf4Asc5wRcLkou8EkIYJYgLgBvtzSnWBFpAjh5DmeyBEEkETVJTO0SnmlMmCQJVCwhAlRGIGS0JkLiHBZEFFRKWpNvHNQnOYAlyIwfGGAFmVKltBHiUpr8rMWMeYHyT4JEVZkjTbv8WaGmaEFazogNTiWVwDnF6KVJGGk07SCoIn+cuitt7RIkUVUJMha0VBqAASVWmQ06Epwr9NV6xLiiWxqfyzdlpmsAAOWXfM6kDbo1sKzPe/K3H3ra0vIqwpLc9D5z8ac3Nvx5DgEeenLqfC3UvixkOGiXI9e7uq6erjYhDcjjM0rXo0m4f3ZHj8vpet/WmyTC0Vxcb27m5KEKV+NV0GKyiVBY3+6bY9Dpu2/+JLUslIdd1qtv62300u/Xw/tjufOmo5sq6CTBeuKxBzwKy81x439EhzHbrQ7ZqvvK/NJdH5M34uNR5555wp2/Ku+5F05uOMmehuFHt/UbZHWGvruNknHM6DGyXvdPT505ytyP6j3pomQ6T3i/cdrW3w2XS9+fBf56F9RZr54ducOsZLyrOmlRF94gUNYk3e2C9D7lq4+3Yz++3o/f/cW83XVG5TRshpbYLYr3g+M4C4ScpeMghOSDN5w8Op7jOHd3mqhYXCS2BgaQOOOgu+e/UAnKUhAVY6fzp49fppumqZ9IEZYZ/K/rJ5TiVZwBynhBEC/jb6i5pYzK7N9jbhgX2l8BAAD//9K6qSRFBAAA"
            },
            "preserve_boot_volume": null,
            "private_ip": "10.0.1.2",
            "public_ip": "132.145.77.98",
            "region": "uk-london-1",
            "shape": "VM.Standard.E2.2",
            "source_details": [
              {
                "boot_volume_size_in_gbs": "47",
                "kms_key_id": "",
                "source_id": "ocid1.image.oc1.uk-london-1.aaaaaaaa6ltpog6a5zoblvjqk2fuxf7baclsv4bg4c4xr2efph42zvovye6a",
                "source_type": "image"
              }
            ],
            "state": "RUNNING",
            "subnet_id": "ocid1.subnet.oc1.uk-london-1.aaaaaaaa464zhnodoibcmbsvtbfkmdhjnzyducwewl55emm5vpktje3kb3uq",
            "system_tags": {},
            "time_created": "2020-03-12 12:27:53.16 +0000 UTC",
            "time_maintenance_reboot_due": null
          }
        }
      ]
    },
    {
      "module": "module.vcn",
      "mode": "data",
      "type": "oci_core_services",
      "name": "all_oci_services",
      "each": "list",
      "provider": "provider.oci",
      "instances": [
        {
          "index_key": 0,
          "schema_version": 0,
          "attributes": {
            "filter": [
              {
                "name": "name",
                "regex": true,
                "values": [
                  "All .* Services In Oracle Services Network"
                ]
              }
            ],
            "id": "2020-03-12 12:34:59.416313484 +0000 UTC",
            "services": [
              {
                "cidr_block": "all-lhr-services-in-oracle-services-network",
                "description": "All LHR Services In Oracle Services Network",
                "id": "ocid1.service.oc1.uk-london-1.aaaaaaaatwg7f5mnzoapfunl66n2qkp4ormiykqk3hiwksum63gcyjk7ysla",
                "name": "All LHR Services In Oracle Services Network"
              }
            ]
          }
        }
      ]
    },
    {
      "module": "module.admin",
      "mode": "data",
      "type": "oci_core_vnic",
      "name": "admin_vnic",
      "each": "list",
      "provider": "provider.oci",
      "instances": [
        {
          "index_key": 0,
          "schema_version": 0,
          "attributes": {
            "availability_domain": "Gzzy:UK-LONDON-1-AD-1",
            "compartment_id": "ocid1.tenancy.oc1..aaaaaaaaw7qkcglkhecp6bv3g2ww2tprsdwzkvwt65vuvtygo2657iddifjq",
            "defined_tags": {
              "Oracle-Tags.CreatedBy": "raul.realmoldes@plexus.es",
              "Oracle-Tags.CreatedOn": "2020-03-12T12:27:52.204Z"
            },
            "display_name": "dev-admin-vnic",
            "freeform_tags": {
              "Envrionment": "UAT"
            },
            "hostname_label": "admin",
            "id": "ocid1.vnic.oc1.uk-london-1.abwgiljt3v5p6kibvuhrxyf3pqusmc4idkxong7mhme7xezgev6cdpt5nxfq",
            "is_primary": true,
            "mac_address": "02:00:17:02:75:52",
            "nsg_ids": [],
            "private_ip_address": "10.0.1.10",
            "public_ip_address": null,
            "skip_source_dest_check": false,
            "state": "AVAILABLE",
            "subnet_id": "ocid1.subnet.oc1.uk-london-1.aaaaaaaavwgxc5dj6zwhzb3sxbkdebabknlsa2acveunx2pjidxppibjc4ka",
            "time_created": "2020-03-12 12:28:00.079 +0000 UTC",
            "vnic_id": "ocid1.vnic.oc1.uk-london-1.abwgiljt3v5p6kibvuhrxyf3pqusmc4idkxong7mhme7xezgev6cdpt5nxfq"
          }
        }
      ]
    },
    {
      "module": "module.bastion",
      "mode": "data",
      "type": "oci_core_vnic",
      "name": "bastion_vnic",
      "each": "list",
      "provider": "provider.oci",
      "instances": [
        {
          "index_key": 0,
          "schema_version": 0,
          "attributes": {
            "availability_domain": "Gzzy:UK-LONDON-1-AD-1",
            "compartment_id": "ocid1.tenancy.oc1..aaaaaaaaw7qkcglkhecp6bv3g2ww2tprsdwzkvwt65vuvtygo2657iddifjq",
            "defined_tags": {
              "Oracle-Tags.CreatedBy": "raul.realmoldes@plexus.es",
              "Oracle-Tags.CreatedOn": "2020-03-12T12:27:52.647Z"
            },
            "display_name": "dev-bastion-vnic",
            "freeform_tags": {
              "Envrionment": "UAT"
            },
            "hostname_label": "bastion",
            "id": "ocid1.vnic.oc1.uk-london-1.abwgiljteeezmp666kk4kqant77t5kp6tz55zzs44houesxdsw5ohracjgqa",
            "is_primary": true,
            "mac_address": "02:00:17:02:5B:A0",
            "nsg_ids": [],
            "private_ip_address": "10.0.1.2",
            "public_ip_address": "132.145.77.98",
            "skip_source_dest_check": false,
            "state": "AVAILABLE",
            "subnet_id": "ocid1.subnet.oc1.uk-london-1.aaaaaaaa464zhnodoibcmbsvtbfkmdhjnzyducwewl55emm5vpktje3kb3uq",
            "time_created": "2020-03-12 12:27:59.922 +0000 UTC",
            "vnic_id": "ocid1.vnic.oc1.uk-london-1.abwgiljteeezmp666kk4kqant77t5kp6tz55zzs44houesxdsw5ohracjgqa"
          }
        }
      ]
    },
    {
      "module": "module.admin",
      "mode": "data",
      "type": "oci_core_vnic_attachments",
      "name": "admin_vnics_attachments",
      "each": "list",
      "provider": "provider.oci",
      "instances": [
        {
          "index_key": 0,
          "schema_version": 0,
          "attributes": {
            "availability_domain": "Gzzy:UK-LONDON-1-AD-1",
            "compartment_id": "ocid1.tenancy.oc1..aaaaaaaaw7qkcglkhecp6bv3g2ww2tprsdwzkvwt65vuvtygo2657iddifjq",
            "filter": null,
            "id": "2020-03-12 12:35:00.760275643 +0000 UTC",
            "instance_id": "ocid1.instance.oc1.uk-london-1.anwgiljt6c3t5oacgiubyijkgshpeww3upbgzwrn25edlgje6gcjx3snmcna",
            "vnic_attachments": [
              {
                "availability_domain": "Gzzy:UK-LONDON-1-AD-1",
                "compartment_id": "ocid1.tenancy.oc1..aaaaaaaaw7qkcglkhecp6bv3g2ww2tprsdwzkvwt65vuvtygo2657iddifjq",
                "create_vnic_details": [],
                "display_name": "",
                "id": "ocid1.vnicattachment.oc1.uk-london-1.anwgiljt6c3t5oacbbvwajbezwslxonpjtg7wi66fp4zqjpoe2ipg4pvdu3q",
                "instance_id": "ocid1.instance.oc1.uk-london-1.anwgiljt6c3t5oacgiubyijkgshpeww3upbgzwrn25edlgje6gcjx3snmcna",
                "nic_index": 0,
                "state": "ATTACHED",
                "subnet_id": "ocid1.subnet.oc1.uk-london-1.aaaaaaaavwgxc5dj6zwhzb3sxbkdebabknlsa2acveunx2pjidxppibjc4ka",
                "time_created": "2020-03-12 12:28:00.193 +0000 UTC",
                "vlan_tag": 3355,
                "vnic_id": "ocid1.vnic.oc1.uk-london-1.abwgiljt3v5p6kibvuhrxyf3pqusmc4idkxong7mhme7xezgev6cdpt5nxfq"
              }
            ],
            "vnic_id": null
          }
        }
      ]
    },
    {
      "module": "module.bastion",
      "mode": "data",
      "type": "oci_core_vnic_attachments",
      "name": "bastion_vnics_attachments",
      "each": "list",
      "provider": "provider.oci",
      "instances": [
        {
          "index_key": 0,
          "schema_version": 0,
          "attributes": {
            "availability_domain": "Gzzy:UK-LONDON-1-AD-1",
            "compartment_id": "ocid1.tenancy.oc1..aaaaaaaaw7qkcglkhecp6bv3g2ww2tprsdwzkvwt65vuvtygo2657iddifjq",
            "filter": null,
            "id": "2020-03-12 12:35:10.945621485 +0000 UTC",
            "instance_id": "ocid1.instance.oc1.uk-london-1.anwgiljt6c3t5oactiuov43idtxzs4zutzzfubre6cnwhc4654fcr2f24w4a",
            "vnic_attachments": [
              {
                "availability_domain": "Gzzy:UK-LONDON-1-AD-1",
                "compartment_id": "ocid1.tenancy.oc1..aaaaaaaaw7qkcglkhecp6bv3g2ww2tprsdwzkvwt65vuvtygo2657iddifjq",
                "create_vnic_details": [],
                "display_name": "",
                "id": "ocid1.vnicattachment.oc1.uk-london-1.anwgiljt6c3t5oacttcz74al5kg4d7uw47fjpctq7kabpkdufeydfnh4veaq",
                "instance_id": "ocid1.instance.oc1.uk-london-1.anwgiljt6c3t5oactiuov43idtxzs4zutzzfubre6cnwhc4654fcr2f24w4a",
                "nic_index": 0,
                "state": "ATTACHED",
                "subnet_id": "ocid1.subnet.oc1.uk-london-1.aaaaaaaa464zhnodoibcmbsvtbfkmdhjnzyducwewl55emm5vpktje3kb3uq",
                "time_created": "2020-03-12 12:28:00.114 +0000 UTC",
                "vlan_tag": 3767,
                "vnic_id": "ocid1.vnic.oc1.uk-london-1.abwgiljteeezmp666kk4kqant77t5kp6tz55zzs44houesxdsw5ohracjgqa"
              }
            ],
            "vnic_id": null
          }
        }
      ]
    },
    {
      "mode": "data",
      "type": "oci_identity_availability_domains",
      "name": "ad_list",
      "provider": "provider.oci",
      "instances": [
        {
          "schema_version": 0,
          "attributes": {
            "availability_domains": [
              {
                "compartment_id": "ocid1.tenancy.oc1..aaaaaaaaw7qkcglkhecp6bv3g2ww2tprsdwzkvwt65vuvtygo2657iddifjq",
                "id": "ocid1.availabilitydomain.oc1..aaaaaaaapjv4p3qtly2fesrig77q4tlmi3wvakeet6fskc7do2fmawz3xctq",
                "name": "Gzzy:UK-LONDON-1-AD-1"
              },
              {
                "compartment_id": "ocid1.tenancy.oc1..aaaaaaaaw7qkcglkhecp6bv3g2ww2tprsdwzkvwt65vuvtygo2657iddifjq",
                "id": "ocid1.availabilitydomain.oc1..aaaaaaaaw2i3i53quioaywmhx56ss5plwk7bmmeg2266lo7inilhbizeroua",
                "name": "Gzzy:UK-LONDON-1-AD-2"
              },
              {
                "compartment_id": "ocid1.tenancy.oc1..aaaaaaaaw7qkcglkhecp6bv3g2ww2tprsdwzkvwt65vuvtygo2657iddifjq",
                "id": "ocid1.availabilitydomain.oc1..aaaaaaaac6kgqnl5eberztbdm2ufhpxohk7cuelajmafpqa3m6rpri4tc2yq",
                "name": "Gzzy:UK-LONDON-1-AD-3"
              }
            ],
            "compartment_id": "ocid1.tenancy.oc1..aaaaaaaaw7qkcglkhecp6bv3g2ww2tprsdwzkvwt65vuvtygo2657iddifjq",
            "filter": null,
            "id": "2020-03-12 12:34:59.424751524 +0000 UTC"
          }
        }
      ]
    },
    {
      "module": "module.admin",
      "mode": "data",
      "type": "oci_identity_compartments",
      "name": "compartments_id",
      "provider": "provider.oci",
      "instances": [
        {
          "schema_version": 0,
          "attributes": {
            "access_level": "ACCESSIBLE",
            "compartment_id": "ocid1.tenancy.oc1..aaaaaaaaw7qkcglkhecp6bv3g2ww2tprsdwzkvwt65vuvtygo2657iddifjq",
            "compartment_id_in_subtree": true,
            "compartments": [],
            "filter": [
              {
                "name": "id",
                "regex": false,
                "values": [
                  "ocid1.tenancy.oc1..aaaaaaaaw7qkcglkhecp6bv3g2ww2tprsdwzkvwt65vuvtygo2657iddifjq"
                ]
              }
            ],
            "id": "2020-03-12 12:34:59.45839136 +0000 UTC"
          }
        }
      ]
    },
    {
      "module": "module.bastion",
      "mode": "data",
      "type": "oci_identity_compartments",
      "name": "compartments_id",
      "each": "list",
      "provider": "provider.oci",
      "instances": []
    },
    {
      "mode": "data",
      "type": "oci_identity_regions",
      "name": "home_region",
      "provider": "provider.oci",
      "instances": [
        {
          "schema_version": 0,
          "attributes": {
            "filter": [
              {
                "name": "key",
                "regex": false,
                "values": [
                  "LHR"
                ]
              }
            ],
            "id": "2020-03-12 12:34:59.486399 +0000 UTC",
            "regions": [
              {
                "key": "LHR",
                "name": "uk-london-1"
              }
            ]
          }
        }
      ]
    },
    {
      "mode": "data",
      "type": "oci_identity_tenancy",
      "name": "tenancy",
      "provider": "provider.oci",
      "instances": [
        {
          "schema_version": 0,
          "attributes": {
            "defined_tags": {},
            "description": "mitsupowa",
            "freeform_tags": {},
            "home_region_key": "LHR",
            "id": "ocid1.tenancy.oc1..aaaaaaaaw7qkcglkhecp6bv3g2ww2tprsdwzkvwt65vuvtygo2657iddifjq",
            "name": "mitsupowa",
            "tenancy_id": "ocid1.tenancy.oc1..aaaaaaaaw7qkcglkhecp6bv3g2ww2tprsdwzkvwt65vuvtygo2657iddifjq",
            "upi_idcs_compatibility_layer_endpoint": null
          }
        }
      ]
    },
    {
      "module": "module.bastion",
      "mode": "data",
      "type": "oci_ons_notification_topic",
      "name": "bastion_notification",
      "each": "list",
      "provider": "provider.oci",
      "instances": []
    },
    {
      "module": "module.admin",
      "mode": "data",
      "type": "template_cloudinit_config",
      "name": "admin",
      "each": "list",
      "provider": "provider.template",
      "instances": [
        {
          "index_key": 0,
          "schema_version": 0,
          "attributes": {
            "base64_encode": true,
            "gzip": true,
            "id": "4288871563",
            "part": [
              {
                "content": "# Copyright 2017, 2019, Oracle Corporation and/or affiliates.  All rights reserved.\n# Licensed under the Universal Permissive License v 1.0 as shown at https://oss.oracle.com/licenses/upl\n\n#cloud-config\npackage_upgrade: false\npackages:\n  - python3\ntimezone: Australia/Sydney\nwrite_files:\n# setup script\n  - path: \"/root/admin/admin.sh\"\n    permissions: \"0700\"\n    encoding: \"gzip+base64\"\n    content: |\n      H4sIAAAAAAAA/0yOsW7zMAyEdz3F/fEaW8nfoWiBDEXWAu3SLQsjMzFRRRJEyoXfvkjaAF1IkLjv7rp//ijJH0kn5zrsc1mqnCfD/832cX2dT2u8VQqRsc+15EomOYHS6HMFnU4ShYx1AF5ixA1WVFauM4+D6/AqgZPyiJZGrrCJ8ZFk5qoU8c71Iqoy812HGdthA1LolL8SyDCZFX32PqsO+dZlCPni4w+gvpXo3NIuaGUkY/S9cmhVbHHuGtwLesZKPTXLktQoxoPuDpqy7/DniR0WVn9ewbMF34pVCp/3PYScTs79Xn0r50ojO1ekPODukIP0Ico3AAAA//8BAAD//0aNvFpYAQAA\nruncmd:\n - echo \"Configuring admin...\"\n - bash /root/admin/admin.sh\n - echo \"export OCI_CLI_AUTH=instance_principal\" \u003e\u003e  /home/opc/.bashrc\n - touch /home/opc/admin.finish",
                "content_type": "text/cloud-config",
                "filename": "admin.yaml",
                "merge_type": ""
              }
            ],
            "rendered": "H4sIAAAAAAAA/2xUX2/iuBd9j9TvcJU+dsAJ0EIz6khpQgr9QaH8h5fKOA5xSWxjO0DQ78OvgOlOtbt5sHTvPefk3JzIgeCGclOZlJJ6kBeZYRIrg3J2pPFPWIuCx1iVT3a/228/D6ZvoT9a2ta5qsyo0kxwD9yqc2PdWJXKd9CN9aUdMi2FZuaCxcZgkuaUm5+QsIxynNMnG8c549US55n9hzdRmOuEqkqbExEzvvGguWbmG+Bi2tCjQSQTRVwhgidsc2P1WU7/Ze8WAiFLxTapgZrjNn+cz8cfMFCYZBQCoaRQ+OwSMI+RUICThGUMG6qrAH6WwYWsQVFN1Z7GVesWeoxQrmkMBY+pApNSmHK2p0rjDIZU5UxrtqdfONif7QDWoFNx4IANpMZI7SEktK6Ki5cqETnKrgSNCplZ1u33BS2JyRZv6EchNwrH1IMEZ5p+tbVnAVRAliYVvG4ZltOT4NQDv9BG4YxhNC5jTkvroJihH+cYtGfdgqamkKCJYtJcJbBJPbCREsKgS0bXs6pT2wIAkL8XFFx7YDtNx7n26d+J2ZsTk3drrOlD4zoj1/Q8+P+lBOg0dNf//SCnHOh589T3y3Z8qkcoaeN5iydizp7D9mLuF/Vx711/9k/RaDR6bZdikey3n9iP3O6297lvKokQ+3ztOFt+f1KauPmOB0mIWvUaWdTiSa1ozd53I03u3Pu2yAfLzvih04/4tDFOl0fXj+7Z0XfnswgX/cZd+ID83WY1LNnr6kWp4LW1irb3OzFtkabb3Ymy5dY6L7FJfbcnsl5rXIbBKlrUa8OdHtzFqywYctY43G32ciHqb90Cv0y3SzR+JHk6W3c6xYs59Khe/W84WfS25l0cxbAI5a5sopCzkTOf8Ud6WPejekPOAonqw+WYTHTzccEdde+Iz4FLt8NBWGy7Q6dLRP3yDVHr2fdDhBz8to/k0n/3fUsVnOSxZ0EFKEkF2MHlVyoU4xu4hlqt2ufxGusU/ivyP1x6lEIZGATdj6DX/fCnk84T49pgTuiHVIwTJnFmw69fACgVOUVCElQ9KytyljGiIOm30fUVCeNMp/+8SCqVG+uvAAAA//+GTBw8pwQAAA=="
          }
        }
      ]
    },
    {
      "module": "module.bastion",
      "mode": "data",
      "type": "template_cloudinit_config",
      "name": "bastion",
      "each": "list",
      "provider": "provider.template",
      "instances": [
        {
          "index_key": 0,
          "schema_version": 0,
          "attributes": {
            "base64_encode": true,
            "gzip": true,
            "id": "1046647080",
            "part": [
              {
                "content": "# Copyright 2017, 2019, Oracle Corporation and/or affiliates.  All rights reserved.\n# Licensed under the Universal Permissive License v 1.0 as shown at https://oss.oracle.com/licenses/upl/\n\n#cloud-config\ntimezone: Australia/Sydney\n\nwrite_files:\n# setup script\n  - path: \"/root/bastion/notification.sh\"\n    permissions: \"0700\"\n    encoding: \"gzip+base64\"\n    content: |\n      H4sIAAAAAAAA/zSPsU7zQBCE+3uK+ZUiTeJL/gYBFUqLCBJQIYqzvZdbabNr3Z6NeHuURDRTzaeZb/Uv9qyxT15CWOFg00/lU2n4v9vfbS55v8GxpkEIB6uT1dTYFEnHaBUpZxZOjbwDnkRwhR2VnOpCYxdWeOaB1GnErCNVtEL4UF6oehK8Uj2zOy/018OCfbdDcnixb0VqKK1N/hCjuXd2/dINdo5yAzzOk8QQOOMTOYkTvh4vMxoAn0dDku1gmvmE7Tt0FgkkTgGgoRjWx5c3qDXOPNzk1BpIUy80rkPmXwAAAP//AQAA///sHE8FJAEAAA==\nruncmd:\n - echo \"Configuring running notification script...\"\n - bash /root/bastion/notification.sh\n - touch /home/opc/bastion.finish",
                "content_type": "text/cloud-config",
                "filename": "bastion.yaml",
                "merge_type": ""
              }
            ],
            "rendered": "H4sIAAAAAAAA/3xTUXOyOBR9Z6b/4Q597AdBq9XyTR8QsbWtohba6stOgAipkGASUJj98TvadrezO7N5SObmnpM5955clzNFmDKCpiQ2FFWuaImFQgU9kuQ3RLxiCRbNnT6bzryRH87Hzmqta6fIeCVCUs5s6JjWhXahGcZP0IX2/faYypJLqs5YrBSOs4Iw9Ru2NCcMF+ROj7A8pc0GF7n+DzMQmMktEYbHYp5QltowiKj6ATjLVuSoUJzzKjFizrY0vdBmtCD/EXgJLi8bQdNMQdfqDH6d9ttf4Asc5wRcLkou8EkIYJYgLgBvtzSnWBFpAjh5DmeyBEEkETVJTO0SnmlMmCQJVCwhAlRGIGS0JkLiHBZEFFRKWpNvHNQnOYAlyIwfGGAFmVKltBHiUpr8rMWMeYHyT4JEVZkjTbv8WaGmaEFazogNTiWVwDnF6KVJGGk07SCoIn+cuitt7RIkUVUJMha0VBqAASVWmQ06Epwr9NV6xLiiWxqfyzdlpmsAAOWXfM6kDbo1sKzPe/K3H3ra0vIqwpLc9D5z8ac3Nvx5DgEeenLqfC3UvixkOGiXI9e7uq6erjYhDcjjM0rXo0m4f3ZHj8vpet/WmyTC0Vxcb27m5KEKV+NV0GKyiVBY3+6bY9Dpu2/+JLUslIdd1qtv62300u/Xw/tjufOmo5sq6CTBeuKxBzwKy81x439EhzHbrQ7ZqvvK/NJdH5M34uNR5555wp2/Ku+5F05uOMmehuFHt/UbZHWGvruNknHM6DGyXvdPT505ytyP6j3pomQ6T3i/cdrW3w2XS9+fBf56F9RZr54ducOsZLyrOmlRF94gUNYk3e2C9D7lq4+3Yz++3o/f/cW83XVG5TRshpbYLYr3g+M4C4ScpeMghOSDN5w8Op7jOHd3mqhYXCS2BgaQOOOgu+e/UAnKUhAVY6fzp49fppumqZ9IEZYZ/K/rJ5TiVZwBynhBEC/jb6i5pYzK7N9jbhgX2l8BAAD//9K6qSRFBAAA"
          }
        }
      ]
    },
    {
      "mode": "data",
      "type": "template_file",
      "name": "ad_names",
      "each": "list",
      "provider": "provider.template",
      "instances": [
        {
          "index_key": 0,
          "schema_version": 0,
          "attributes": {
            "filename": null,
            "id": "dd96c4d76037ffe01866ef083d451d185585ee367975d96bd881cc7eb210dd8c",
            "rendered": "Gzzy:UK-LONDON-1-AD-1",
            "template": "Gzzy:UK-LONDON-1-AD-1",
            "vars": null
          }
        },
        {
          "index_key": 1,
          "schema_version": 0,
          "attributes": {
            "filename": null,
            "id": "620e24da73dd3f98c9f42afe8050874ca9ac9ca6d174c626aa80d4ae1e9ef04f",
            "rendered": "Gzzy:UK-LONDON-1-AD-2",
            "template": "Gzzy:UK-LONDON-1-AD-2",
            "vars": null
          }
        },
        {
          "index_key": 2,
          "schema_version": 0,
          "attributes": {
            "filename": null,
            "id": "e047f81785ae3ee1d74b0d7f0eec6f7bec6bb0126685340eecefef7cf35413b1",
            "rendered": "Gzzy:UK-LONDON-1-AD-3",
            "template": "Gzzy:UK-LONDON-1-AD-3",
            "vars": null
          }
        }
      ]
    },
    {
      "module": "module.admin",
      "mode": "data",
      "type": "template_file",
      "name": "admin_cloud_init_file",
      "each": "list",
      "provider": "provider.template",
      "instances": [
        {
          "index_key": 0,
          "schema_version": 0,
          "attributes": {
            "filename": null,
            "id": "4ca9c8011cd5fd22532f40090ebb86ceff4664f4393b97383cfc3bd2e5eee418",
            "rendered": "# Copyright 2017, 2019, Oracle Corporation and/or affiliates.  All rights reserved.\n# Licensed under the Universal Permissive License v 1.0 as shown at https://oss.oracle.com/licenses/upl\n\n#cloud-config\npackage_upgrade: false\npackages:\n  - python3\ntimezone: Australia/Sydney\nwrite_files:\n# setup script\n  - path: \"/root/admin/admin.sh\"\n    permissions: \"0700\"\n    encoding: \"gzip+base64\"\n    content: |\n      H4sIAAAAAAAA/0yOsW7zMAyEdz3F/fEaW8nfoWiBDEXWAu3SLQsjMzFRRRJEyoXfvkjaAF1IkLjv7rp//ijJH0kn5zrsc1mqnCfD/832cX2dT2u8VQqRsc+15EomOYHS6HMFnU4ShYx1AF5ixA1WVFauM4+D6/AqgZPyiJZGrrCJ8ZFk5qoU8c71Iqoy812HGdthA1LolL8SyDCZFX32PqsO+dZlCPni4w+gvpXo3NIuaGUkY/S9cmhVbHHuGtwLesZKPTXLktQoxoPuDpqy7/DniR0WVn9ewbMF34pVCp/3PYScTs79Xn0r50ojO1ekPODukIP0Ico3AAAA//8BAAD//0aNvFpYAQAA\nruncmd:\n - echo \"Configuring admin...\"\n - bash /root/admin/admin.sh\n - echo \"export OCI_CLI_AUTH=instance_principal\" \u003e\u003e  /home/opc/.bashrc\n - touch /home/opc/admin.finish",
            "template": "# Copyright 2017, 2019, Oracle Corporation and/or affiliates.  All rights reserved.\n# Licensed under the Universal Permissive License v 1.0 as shown at https://oss.oracle.com/licenses/upl\n\n#cloud-config\npackage_upgrade: ${admin_upgrade}\npackages:\n  - python3\ntimezone: ${timezone}\nwrite_files:\n# setup script\n  - path: \"/root/admin/admin.sh\"\n    permissions: \"0700\"\n    encoding: \"gzip+base64\"\n    content: |\n      ${admin_sh_content}\nruncmd:\n - echo \"Configuring admin...\"\n - bash /root/admin/admin.sh\n - echo \"export OCI_CLI_AUTH=instance_principal\" \u003e\u003e  /home/opc/.bashrc\n - touch /home/opc/admin.finish",
            "vars": {
              "admin_sh_content": "H4sIAAAAAAAA/0yOsW7zMAyEdz3F/fEaW8nfoWiBDEXWAu3SLQsjMzFRRRJEyoXfvkjaAF1IkLjv7rp//ijJH0kn5zrsc1mqnCfD/832cX2dT2u8VQqRsc+15EomOYHS6HMFnU4ShYx1AF5ixA1WVFauM4+D6/AqgZPyiJZGrrCJ8ZFk5qoU8c71Iqoy812HGdthA1LolL8SyDCZFX32PqsO+dZlCPni4w+gvpXo3NIuaGUkY/S9cmhVbHHuGtwLesZKPTXLktQoxoPuDpqy7/DniR0WVn9ewbMF34pVCp/3PYScTs79Xn0r50ojO1ekPODukIP0Ico3AAAA//8BAAD//0aNvFpYAQAA",
              "admin_upgrade": "false",
              "timezone": "Australia/Sydney"
            }
          }
        }
      ]
    },
    {
      "module": "module.admin",
      "mode": "data",
      "type": "template_file",
      "name": "admin_template",
      "each": "list",
      "provider": "provider.template",
      "instances": [
        {
          "index_key": 0,
          "schema_version": 0,
          "attributes": {
            "filename": null,
            "id": "956512700541f0c99c1828a25fec529a40ef8cb50f9d04df489ece010fcc5e68",
            "rendered": "#!/bin/bash\n\n# Copyright 2017, 2019, Oracle Corporation and/or affiliates.  All rights reserved.\n# Licensed under the Universal Permissive License v 1.0 as shown at https://oss.oracle.com/licenses/upl\n\nyum update --security\n\nsed -i -e \"s/autoinstall\\s=\\sno/# autoinstall = yes/g\" /etc/uptrack/uptrack.conf\n\nuptrack-upgrade\n\npip3 install oci-cli",
            "template": "#!/bin/bash\n\n# Copyright 2017, 2019, Oracle Corporation and/or affiliates.  All rights reserved.\n# Licensed under the Universal Permissive License v 1.0 as shown at https://oss.oracle.com/licenses/upl\n\nyum update --security\n\nsed -i -e \"s/autoinstall\\s=\\sno/# autoinstall = yes/g\" /etc/uptrack/uptrack.conf\n\nuptrack-upgrade\n\npip3 install oci-cli",
            "vars": null
          }
        }
      ]
    },
    {
      "module": "module.bastion",
      "mode": "data",
      "type": "template_file",
      "name": "autonomous_cloud_init_file",
      "each": "list",
      "provider": "provider.template",
      "instances": [
        {
          "index_key": 0,
          "schema_version": 0,
          "attributes": {
            "filename": null,
            "id": "52c449255c355220dcf19bbb604b54afabee29f30c2a5b131a93bb5f608ab0bd",
            "rendered": "# Copyright 2017, 2019, Oracle Corporation and/or affiliates.  All rights reserved.\n# Licensed under the Universal Permissive License v 1.0 as shown at https://oss.oracle.com/licenses/upl/\n\n#cloud-config\ntimezone: Australia/Sydney\n\nwrite_files:\n# setup script\n  - path: \"/root/bastion/notification.sh\"\n    permissions: \"0700\"\n    encoding: \"gzip+base64\"\n    content: |\n      H4sIAAAAAAAA/zSPsU7zQBCE+3uK+ZUiTeJL/gYBFUqLCBJQIYqzvZdbabNr3Z6NeHuURDRTzaeZb/Uv9qyxT15CWOFg00/lU2n4v9vfbS55v8GxpkEIB6uT1dTYFEnHaBUpZxZOjbwDnkRwhR2VnOpCYxdWeOaB1GnErCNVtEL4UF6oehK8Uj2zOy/018OCfbdDcnixb0VqKK1N/hCjuXd2/dINdo5yAzzOk8QQOOMTOYkTvh4vMxoAn0dDku1gmvmE7Tt0FgkkTgGgoRjWx5c3qDXOPNzk1BpIUy80rkPmXwAAAP//AQAA///sHE8FJAEAAA==\nruncmd:\n - echo \"Configuring running notification script...\"\n - bash /root/bastion/notification.sh\n - touch /home/opc/bastion.finish",
            "template": "# Copyright 2017, 2019, Oracle Corporation and/or affiliates.  All rights reserved.\n# Licensed under the Universal Permissive License v 1.0 as shown at https://oss.oracle.com/licenses/upl/\n\n#cloud-config\ntimezone: ${timezone}\n\nwrite_files:\n# setup script\n  - path: \"/root/bastion/notification.sh\"\n    permissions: \"0700\"\n    encoding: \"gzip+base64\"\n    content: |\n      ${notification_sh_content}\nruncmd:\n - echo \"Configuring running notification script...\"\n - bash /root/bastion/notification.sh\n - touch /home/opc/bastion.finish",
            "vars": {
              "notification_sh_content": "H4sIAAAAAAAA/zSPsU7zQBCE+3uK+ZUiTeJL/gYBFUqLCBJQIYqzvZdbabNr3Z6NeHuURDRTzaeZb/Uv9qyxT15CWOFg00/lU2n4v9vfbS55v8GxpkEIB6uT1dTYFEnHaBUpZxZOjbwDnkRwhR2VnOpCYxdWeOaB1GnErCNVtEL4UF6oehK8Uj2zOy/018OCfbdDcnixb0VqKK1N/hCjuXd2/dINdo5yAzzOk8QQOOMTOYkTvh4vMxoAn0dDku1gmvmE7Tt0FgkkTgGgoRjWx5c3qDXOPNzk1BpIUy80rkPmXwAAAP//AQAA///sHE8FJAEAAA==",
              "timezone": "Australia/Sydney"
            }
          }
        }
      ]
    },
    {
      "module": "module.bastion",
      "mode": "data",
      "type": "template_file",
      "name": "autonomous_template",
      "each": "list",
      "provider": "provider.template",
      "instances": [
        {
          "index_key": 0,
          "schema_version": 0,
          "attributes": {
            "filename": null,
            "id": "6172f519732d61e91b448d0a32645eddf96ff6b9c4846cffaeccedabf10ecb04",
            "rendered": "#!/bin/bash\n\n# Copyright 2017, 2019, Oracle Corporation and/or affiliates.  All rights reserved.\n# Licensed under the Universal Permissive License v 1.0 as shown at https://oss.oracle.com/licenses/upl/\n\nif [ false ]; then\n  sudo al-config -T null\nelse\n  echo 'ONS notification not enabled'\nfi",
            "template": "#!/bin/bash\n\n# Copyright 2017, 2019, Oracle Corporation and/or affiliates.  All rights reserved.\n# Licensed under the Universal Permissive License v 1.0 as shown at https://oss.oracle.com/licenses/upl/\n\nif [ ${notification_enabled} ]; then\n  sudo al-config -T ${topic_id}\nelse\n  echo 'ONS notification not enabled'\nfi",
            "vars": {
              "notification_enabled": "false",
              "topic_id": "null"
            }
          }
        }
      ]
    },
    {
      "module": "module.admin",
      "mode": "managed",
      "type": "oci_core_instance",
      "name": "admin",
      "each": "list",
      "provider": "provider.oci",
      "instances": [
        {
          "index_key": 0,
          "schema_version": 0,
          "attributes": {
            "agent_config": [
              {
                "is_management_disabled": false,
                "is_monitoring_disabled": false
              }
            ],
            "availability_domain": "Gzzy:UK-LONDON-1-AD-1",
            "boot_volume_id": "ocid1.bootvolume.oc1.uk-london-1.abwgiljtmpslqyia567axcsiexlvatkpbsynsmdeexxklubfrqvibb3ctoza",
            "compartment_id": "ocid1.tenancy.oc1..aaaaaaaaw7qkcglkhecp6bv3g2ww2tprsdwzkvwt65vuvtygo2657iddifjq",
            "create_vnic_details": [
              {
                "assign_public_ip": "false",
                "defined_tags": {
                  "Oracle-Tags.CreatedBy": "raul.realmoldes@plexus.es",
                  "Oracle-Tags.CreatedOn": "2020-03-12T12:27:52.204Z"
                },
                "display_name": "dev-admin-vnic",
                "freeform_tags": {
                  "Envrionment": "UAT"
                },
                "hostname_label": "admin",
                "nsg_ids": [],
                "private_ip": "10.0.1.10",
                "skip_source_dest_check": false,
                "subnet_id": "ocid1.subnet.oc1.uk-london-1.aaaaaaaavwgxc5dj6zwhzb3sxbkdebabknlsa2acveunx2pjidxppibjc4ka"
              }
            ],
            "dedicated_vm_host_id": null,
            "defined_tags": {
              "Oracle-Tags.CreatedBy": "raul.realmoldes@plexus.es",
              "Oracle-Tags.CreatedOn": "2020-03-12T12:27:51.949Z"
            },
            "display_name": "dev-admin",
            "extended_metadata": {},
            "fault_domain": "FAULT-DOMAIN-3",
            "freeform_tags": {
              "Envrionment": "UAT"
            },
            "hostname_label": "admin",
            "id": "ocid1.instance.oc1.uk-london-1.anwgiljt6c3t5oacgiubyijkgshpeww3upbgzwrn25edlgje6gcjx3snmcna",
            "image": "ocid1.image.oc1.uk-london-1.aaaaaaaa2uwbd457cd2gtviihmxw7cqfmqcug4ahdg7ivgyzla25pgrn6soa",
            "ipxe_script": null,
            "is_pv_encryption_in_transit_enabled": null,
            "launch_mode": "PARAVIRTUALIZED",
            "launch_options": [
              {
                "boot_volume_type": "PARAVIRTUALIZED",
                "firmware": "UEFI_64",
                "is_consistent_volume_naming_enabled": true,
                "is_pv_encryption_in_transit_enabled": false,
                "network_type": "PARAVIRTUALIZED",
                "remote_data_volume_type": "PARAVIRTUALIZED"
              }
            ],
            "metadata": {
              "ssh_authorized_keys": "ssh-rsa AAAAB3NzaC1yc2EAAAADAQABAAABAQDykB17NGg618t4hhqFS22qBzH8dp8ynsai9TWxt9wCqRWQh3d9A3IhvASdm3h56u/olqNTHS2vvqSOWR8AjsKAfFAPO5GVfrTdFCRzGBn/dCLAG2VABzMWlEARwUchM+L+lJ1EcnvkyVcN7ihFszlIFaHhAu76D187NqQM7JA0kSXjVrhKof/clYVXISNKQaVyx2gU7JZEwmE47MzohVu70HOeAthu6l7aFyPhhRihxbUy0ayEz2xH1aOakQN22voMeb9hbKK//IXZraHqK1+0vAf5KoYA5VkEMvz0rQCNbGj7IqfgOsuC847l3zro+ZMhcNx0KyQC1nuKhYfQ/E7P raul@debian\n",
              "user_data": "H4sIAAAAAAAA/2xUX2/iuBd9j9TvcJU+dsAJ0EIz6khpQgr9QaH8h5fKOA5xSWxjO0DQ78OvgOlOtbt5sHTvPefk3JzIgeCGclOZlJJ6kBeZYRIrg3J2pPFPWIuCx1iVT3a/228/D6ZvoT9a2ta5qsyo0kxwD9yqc2PdWJXKd9CN9aUdMi2FZuaCxcZgkuaUm5+QsIxynNMnG8c549US55n9hzdRmOuEqkqbExEzvvGguWbmG+Bi2tCjQSQTRVwhgidsc2P1WU7/Ze8WAiFLxTapgZrjNn+cz8cfMFCYZBQCoaRQ+OwSMI+RUICThGUMG6qrAH6WwYWsQVFN1Z7GVesWeoxQrmkMBY+pApNSmHK2p0rjDIZU5UxrtqdfONif7QDWoFNx4IANpMZI7SEktK6Ki5cqETnKrgSNCplZ1u33BS2JyRZv6EchNwrH1IMEZ5p+tbVnAVRAliYVvG4ZltOT4NQDv9BG4YxhNC5jTkvroJihH+cYtGfdgqamkKCJYtJcJbBJPbCREsKgS0bXs6pT2wIAkL8XFFx7YDtNx7n26d+J2ZsTk3drrOlD4zoj1/Q8+P+lBOg0dNf//SCnHOh589T3y3Z8qkcoaeN5iydizp7D9mLuF/Vx711/9k/RaDR6bZdikey3n9iP3O6297lvKokQ+3ztOFt+f1KauPmOB0mIWvUaWdTiSa1ozd53I03u3Pu2yAfLzvih04/4tDFOl0fXj+7Z0XfnswgX/cZd+ID83WY1LNnr6kWp4LW1irb3OzFtkabb3Ymy5dY6L7FJfbcnsl5rXIbBKlrUa8OdHtzFqywYctY43G32ciHqb90Cv0y3SzR+JHk6W3c6xYs59Khe/W84WfS25l0cxbAI5a5sopCzkTOf8Ud6WPejekPOAonqw+WYTHTzccEdde+Iz4FLt8NBWGy7Q6dLRP3yDVHr2fdDhBz8to/k0n/3fUsVnOSxZ0EFKEkF2MHlVyoU4xu4hlqt2ufxGusU/ivyP1x6lEIZGATdj6DX/fCnk84T49pgTuiHVIwTJnFmw69fACgVOUVCElQ9KytyljGiIOm30fUVCeNMp/+8SCqVG+uvAAAA//+GTBw8pwQAAA=="
            },
            "preserve_boot_volume": null,
            "private_ip": "10.0.1.10",
            "public_ip": "",
            "region": "uk-london-1",
            "shape": "VM.Standard.E2.2",
            "source_details": [
              {
                "boot_volume_size_in_gbs": "47",
                "kms_key_id": "",
                "source_id": "ocid1.image.oc1.uk-london-1.aaaaaaaa2uwbd457cd2gtviihmxw7cqfmqcug4ahdg7ivgyzla25pgrn6soa",
                "source_type": "image"
              }
            ],
            "state": "RUNNING",
            "subnet_id": "ocid1.subnet.oc1.uk-london-1.aaaaaaaavwgxc5dj6zwhzb3sxbkdebabknlsa2acveunx2pjidxppibjc4ka",
            "system_tags": {},
            "time_created": "2020-03-12 12:27:52.724 +0000 UTC",
            "time_maintenance_reboot_due": "",
            "timeouts": {
              "create": "60m",
              "delete": null,
              "update": null
            }
          },
          "private": "eyJlMmJmYjczMC1lY2FhLTExZTYtOGY4OC0zNDM2M2JjN2M0YzAiOnsiY3JlYXRlIjozNjAwMDAwMDAwMDAwLCJkZWxldGUiOjcyMDAwMDAwMDAwMDAsInVwZGF0ZSI6NzIwMDAwMDAwMDAwMH19",
          "dependencies": [
            "module.admin.oci_core_security_list.admin",
            "module.admin.oci_core_subnet.admin",
            "module.vcn.oci_core_nat_gateway.nat_gateway",
            "module.vcn.oci_core_route_table.nat_route",
            "module.vcn.oci_core_service_gateway.service_gateway",
            "module.vcn.oci_core_vcn.vcn"
          ]
        }
      ]
    },
    {
      "module": "module.bastion",
      "mode": "managed",
      "type": "oci_core_instance",
      "name": "bastion",
      "each": "list",
      "provider": "provider.oci",
      "instances": [
        {
          "index_key": 0,
          "schema_version": 0,
          "attributes": {
            "agent_config": [
              {
                "is_management_disabled": false,
                "is_monitoring_disabled": false
              }
            ],
            "availability_domain": "Gzzy:UK-LONDON-1-AD-1",
            "boot_volume_id": "ocid1.bootvolume.oc1.uk-london-1.abwgiljtdkxjhe4oy4nk2xrzlxosiaspq22micpbfq4bb5nrrqscttyv2tqa",
            "compartment_id": "ocid1.tenancy.oc1..aaaaaaaaw7qkcglkhecp6bv3g2ww2tprsdwzkvwt65vuvtygo2657iddifjq",
            "create_vnic_details": [
              {
                "assign_public_ip": "true",
                "defined_tags": {
                  "Oracle-Tags.CreatedBy": "raul.realmoldes@plexus.es",
                  "Oracle-Tags.CreatedOn": "2020-03-12T12:27:52.647Z"
                },
                "display_name": "dev-bastion-vnic",
                "freeform_tags": {
                  "Envrionment": "UAT"
                },
                "hostname_label": "bastion",
                "nsg_ids": [],
                "private_ip": "10.0.1.2",
                "skip_source_dest_check": false,
                "subnet_id": "ocid1.subnet.oc1.uk-london-1.aaaaaaaa464zhnodoibcmbsvtbfkmdhjnzyducwewl55emm5vpktje3kb3uq"
              }
            ],
            "dedicated_vm_host_id": null,
            "defined_tags": {
              "Oracle-Tags.CreatedBy": "raul.realmoldes@plexus.es",
              "Oracle-Tags.CreatedOn": "2020-03-12T12:27:52.464Z"
            },
            "display_name": "dev-bastion",
            "extended_metadata": {},
            "fault_domain": "FAULT-DOMAIN-3",
            "freeform_tags": {
              "Envrionment": "UAT"
            },
            "hostname_label": "bastion",
            "id": "ocid1.instance.oc1.uk-london-1.anwgiljt6c3t5oactiuov43idtxzs4zutzzfubre6cnwhc4654fcr2f24w4a",
            "image": "ocid1.image.oc1.uk-london-1.aaaaaaaa6ltpog6a5zoblvjqk2fuxf7baclsv4bg4c4xr2efph42zvovye6a",
            "ipxe_script": null,
            "is_pv_encryption_in_transit_enabled": null,
            "launch_mode": "PARAVIRTUALIZED",
            "launch_options": [
              {
                "boot_volume_type": "PARAVIRTUALIZED",
                "firmware": "UEFI_64",
                "is_consistent_volume_naming_enabled": true,
                "is_pv_encryption_in_transit_enabled": false,
                "network_type": "PARAVIRTUALIZED",
                "remote_data_volume_type": "PARAVIRTUALIZED"
              }
            ],
            "metadata": {
              "ssh_authorized_keys": "ssh-rsa AAAAB3NzaC1yc2EAAAADAQABAAABAQDykB17NGg618t4hhqFS22qBzH8dp8ynsai9TWxt9wCqRWQh3d9A3IhvASdm3h56u/olqNTHS2vvqSOWR8AjsKAfFAPO5GVfrTdFCRzGBn/dCLAG2VABzMWlEARwUchM+L+lJ1EcnvkyVcN7ihFszlIFaHhAu76D187NqQM7JA0kSXjVrhKof/clYVXISNKQaVyx2gU7JZEwmE47MzohVu70HOeAthu6l7aFyPhhRihxbUy0ayEz2xH1aOakQN22voMeb9hbKK//IXZraHqK1+0vAf5KoYA5VkEMvz0rQCNbGj7IqfgOsuC847l3zro+ZMhcNx0KyQC1nuKhYfQ/E7P raul@debian\n",
              "user_data": "H4sIAAAAAAAA/3xTUXOyOBR9Z6b/4Q597AdBq9XyTR8QsbWtohba6stOgAipkGASUJj98TvadrezO7N5SObmnpM5955clzNFmDKCpiQ2FFWuaImFQgU9kuQ3RLxiCRbNnT6bzryRH87Hzmqta6fIeCVCUs5s6JjWhXahGcZP0IX2/faYypJLqs5YrBSOs4Iw9Ru2NCcMF+ROj7A8pc0GF7n+DzMQmMktEYbHYp5QltowiKj6ATjLVuSoUJzzKjFizrY0vdBmtCD/EXgJLi8bQdNMQdfqDH6d9ttf4Asc5wRcLkou8EkIYJYgLgBvtzSnWBFpAjh5DmeyBEEkETVJTO0SnmlMmCQJVCwhAlRGIGS0JkLiHBZEFFRKWpNvHNQnOYAlyIwfGGAFmVKltBHiUpr8rMWMeYHyT4JEVZkjTbv8WaGmaEFazogNTiWVwDnF6KVJGGk07SCoIn+cuitt7RIkUVUJMha0VBqAASVWmQ06Epwr9NV6xLiiWxqfyzdlpmsAAOWXfM6kDbo1sKzPe/K3H3ra0vIqwpLc9D5z8ac3Nvx5DgEeenLqfC3UvixkOGiXI9e7uq6erjYhDcjjM0rXo0m4f3ZHj8vpet/WmyTC0Vxcb27m5KEKV+NV0GKyiVBY3+6bY9Dpu2/+JLUslIdd1qtv62300u/Xw/tjufOmo5sq6CTBeuKxBzwKy81x439EhzHbrQ7ZqvvK/NJdH5M34uNR5555wp2/Ku+5F05uOMmehuFHt/UbZHWGvruNknHM6DGyXvdPT505ytyP6j3pomQ6T3i/cdrW3w2XS9+fBf56F9RZr54ducOsZLyrOmlRF94gUNYk3e2C9D7lq4+3Yz++3o/f/cW83XVG5TRshpbYLYr3g+M4C4ScpeMghOSDN5w8Op7jOHd3mqhYXCS2BgaQOOOgu+e/UAnKUhAVY6fzp49fppumqZ9IEZYZ/K/rJ5TiVZwBynhBEC/jb6i5pYzK7N9jbhgX2l8BAAD//9K6qSRFBAAA"
            },
            "preserve_boot_volume": null,
            "private_ip": "10.0.1.2",
            "public_ip": "132.145.77.98",
            "region": "uk-london-1",
            "shape": "VM.Standard.E2.2",
            "source_details": [
              {
                "boot_volume_size_in_gbs": "47",
                "kms_key_id": "",
                "source_id": "ocid1.image.oc1.uk-london-1.aaaaaaaa6ltpog6a5zoblvjqk2fuxf7baclsv4bg4c4xr2efph42zvovye6a",
                "source_type": "image"
              }
            ],
            "state": "RUNNING",
            "subnet_id": "ocid1.subnet.oc1.uk-london-1.aaaaaaaa464zhnodoibcmbsvtbfkmdhjnzyducwewl55emm5vpktje3kb3uq",
            "system_tags": {},
            "time_created": "2020-03-12 12:27:53.16 +0000 UTC",
            "time_maintenance_reboot_due": "",
            "timeouts": {
              "create": "60m",
              "delete": null,
              "update": null
            }
          },
          "private": "eyJlMmJmYjczMC1lY2FhLTExZTYtOGY4OC0zNDM2M2JjN2M0YzAiOnsiY3JlYXRlIjozNjAwMDAwMDAwMDAwLCJkZWxldGUiOjcyMDAwMDAwMDAwMDAsInVwZGF0ZSI6NzIwMDAwMDAwMDAwMH19",
          "dependencies": [
            "module.bastion.oci_core_security_list.bastion",
            "module.bastion.oci_core_subnet.bastion",
            "module.vcn.oci_core_internet_gateway.ig",
            "module.vcn.oci_core_nat_gateway.nat_gateway",
            "module.vcn.oci_core_route_table.ig_route",
            "module.vcn.oci_core_service_gateway.service_gateway",
            "module.vcn.oci_core_vcn.vcn"
          ]
        }
      ]
    },
    {
      "module": "module.vcn",
      "mode": "managed",
      "type": "oci_core_internet_gateway",
      "name": "ig",
      "provider": "provider.oci",
      "instances": [
        {
          "schema_version": 0,
          "attributes": {
            "compartment_id": "ocid1.tenancy.oc1..aaaaaaaaw7qkcglkhecp6bv3g2ww2tprsdwzkvwt65vuvtygo2657iddifjq",
            "defined_tags": {
              "Oracle-Tags.CreatedBy": "raul.realmoldes@plexus.es",
              "Oracle-Tags.CreatedOn": "2020-03-12T12:27:47.734Z"
            },
            "display_name": "dev-ig-gw",
            "enabled": true,
            "freeform_tags": {},
            "id": "ocid1.internetgateway.oc1.uk-london-1.aaaaaaaazctifadaplb2aoou3s3adqn5hib6wyrrcbezkwqxdn543kquehoa",
            "state": "AVAILABLE",
            "time_created": "2020-03-12 12:27:47.748 +0000 UTC",
            "timeouts": null,
            "vcn_id": "ocid1.vcn.oc1.uk-london-1.amaaaaaa6c3t5oaaag6p7bwlorpwslawwlchcfcmixyle55y65xbnzw7iacq"
          },
          "private": "eyJlMmJmYjczMC1lY2FhLTExZTYtOGY4OC0zNDM2M2JjN2M0YzAiOnsiY3JlYXRlIjo5MDAwMDAwMDAwMDAsImRlbGV0ZSI6OTAwMDAwMDAwMDAwLCJ1cGRhdGUiOjkwMDAwMDAwMDAwMH19",
          "dependencies": [
            "module.vcn.oci_core_vcn.vcn"
          ]
        }
      ]
    },
    {
      "module": "module.vcn",
      "mode": "managed",
      "type": "oci_core_nat_gateway",
      "name": "nat_gateway",
      "each": "list",
      "provider": "provider.oci",
      "instances": [
        {
          "index_key": 0,
          "schema_version": 0,
          "attributes": {
            "block_traffic": false,
            "compartment_id": "ocid1.tenancy.oc1..aaaaaaaaw7qkcglkhecp6bv3g2ww2tprsdwzkvwt65vuvtygo2657iddifjq",
            "defined_tags": {
              "Oracle-Tags.CreatedBy": "raul.realmoldes@plexus.es",
              "Oracle-Tags.CreatedOn": "2020-03-12T12:27:47.946Z"
            },
            "display_name": "dev-nat-gw",
            "freeform_tags": {},
            "id": "ocid1.natgateway.oc1.uk-london-1.aaaaaaaa5k7cmjjq3gere6wlemqbkjlzc2pcbmr4ov5kncdgtlksqwaus7aa",
            "nat_ip": "132.145.66.26",
            "state": "AVAILABLE",
            "time_created": "2020-03-12 12:27:48.074 +0000 UTC",
            "timeouts": null,
            "vcn_id": "ocid1.vcn.oc1.uk-london-1.amaaaaaa6c3t5oaaag6p7bwlorpwslawwlchcfcmixyle55y65xbnzw7iacq"
          },
          "private": "eyJlMmJmYjczMC1lY2FhLTExZTYtOGY4OC0zNDM2M2JjN2M0YzAiOnsiY3JlYXRlIjo5MDAwMDAwMDAwMDAsImRlbGV0ZSI6OTAwMDAwMDAwMDAwLCJ1cGRhdGUiOjkwMDAwMDAwMDAwMH19",
          "dependencies": [
            "module.vcn.oci_core_vcn.vcn"
          ]
        }
      ]
    },
    {
      "module": "module.vcn",
      "mode": "managed",
      "type": "oci_core_route_table",
      "name": "ig_route",
      "provider": "provider.oci",
      "instances": [
        {
          "schema_version": 0,
          "attributes": {
            "compartment_id": "ocid1.tenancy.oc1..aaaaaaaaw7qkcglkhecp6bv3g2ww2tprsdwzkvwt65vuvtygo2657iddifjq",
            "defined_tags": {
              "Oracle-Tags.CreatedBy": "raul.realmoldes@plexus.es",
              "Oracle-Tags.CreatedOn": "2020-03-12T12:27:50.241Z"
            },
            "display_name": "dev-ig-route",
            "freeform_tags": {},
            "id": "ocid1.routetable.oc1.uk-london-1.aaaaaaaach6aqyuv2ijrilbdjsj4thbq3edfpfq7mme6agncxs2guw5djdyq",
            "route_rules": [
              {
                "cidr_block": "",
                "description": "",
                "destination": "0.0.0.0/0",
                "destination_type": "CIDR_BLOCK",
                "network_entity_id": "ocid1.internetgateway.oc1.uk-london-1.aaaaaaaazctifadaplb2aoou3s3adqn5hib6wyrrcbezkwqxdn543kquehoa"
              }
            ],
            "state": "AVAILABLE",
            "time_created": "2020-03-12 12:27:50.254 +0000 UTC",
            "timeouts": null,
            "vcn_id": "ocid1.vcn.oc1.uk-london-1.amaaaaaa6c3t5oaaag6p7bwlorpwslawwlchcfcmixyle55y65xbnzw7iacq"
          },
          "private": "eyJlMmJmYjczMC1lY2FhLTExZTYtOGY4OC0zNDM2M2JjN2M0YzAiOnsiY3JlYXRlIjo5MDAwMDAwMDAwMDAsImRlbGV0ZSI6OTAwMDAwMDAwMDAwLCJ1cGRhdGUiOjkwMDAwMDAwMDAwMH19",
          "dependencies": [
            "module.vcn.oci_core_internet_gateway.ig",
            "module.vcn.oci_core_nat_gateway.nat_gateway",
            "module.vcn.oci_core_service_gateway.service_gateway",
            "module.vcn.oci_core_vcn.vcn"
          ]
        }
      ]
    },
    {
      "module": "module.vcn",
      "mode": "managed",
      "type": "oci_core_route_table",
      "name": "nat_route",
      "each": "list",
      "provider": "provider.oci",
      "instances": [
        {
          "index_key": 0,
          "schema_version": 0,
          "attributes": {
            "compartment_id": "ocid1.tenancy.oc1..aaaaaaaaw7qkcglkhecp6bv3g2ww2tprsdwzkvwt65vuvtygo2657iddifjq",
            "defined_tags": {
              "Oracle-Tags.CreatedBy": "raul.realmoldes@plexus.es",
              "Oracle-Tags.CreatedOn": "2020-03-12T12:27:50.253Z"
            },
            "display_name": "dev-nat-route",
            "freeform_tags": {},
            "id": "ocid1.routetable.oc1.uk-london-1.aaaaaaaap2l4sl4srsxi3xqwz7lrmmemdsizecb2gxsi6mqcqumr2hlmkjjq",
            "route_rules": [
              {
                "cidr_block": "",
                "description": "",
                "destination": "0.0.0.0/0",
                "destination_type": "CIDR_BLOCK",
                "network_entity_id": "ocid1.natgateway.oc1.uk-london-1.aaaaaaaa5k7cmjjq3gere6wlemqbkjlzc2pcbmr4ov5kncdgtlksqwaus7aa"
              },
              {
                "cidr_block": "",
                "description": "",
                "destination": "all-lhr-services-in-oracle-services-network",
                "destination_type": "SERVICE_CIDR_BLOCK",
                "network_entity_id": "ocid1.servicegateway.oc1.uk-london-1.aaaaaaaab64zngkdptsem6kqam3rrinm23daqr6kx5trjgtuo3kpl6c34wwa"
              }
            ],
            "state": "AVAILABLE",
            "time_created": "2020-03-12 12:27:50.279 +0000 UTC",
            "timeouts": null,
            "vcn_id": "ocid1.vcn.oc1.uk-london-1.amaaaaaa6c3t5oaaag6p7bwlorpwslawwlchcfcmixyle55y65xbnzw7iacq"
          },
          "private": "eyJlMmJmYjczMC1lY2FhLTExZTYtOGY4OC0zNDM2M2JjN2M0YzAiOnsiY3JlYXRlIjo5MDAwMDAwMDAwMDAsImRlbGV0ZSI6OTAwMDAwMDAwMDAwLCJ1cGRhdGUiOjkwMDAwMDAwMDAwMH19",
          "dependencies": [
            "module.vcn.oci_core_nat_gateway.nat_gateway",
            "module.vcn.oci_core_service_gateway.service_gateway",
            "module.vcn.oci_core_vcn.vcn"
          ]
        }
      ]
    },
    {
      "module": "module.admin",
      "mode": "managed",
      "type": "oci_core_security_list",
      "name": "admin",
      "each": "list",
      "provider": "provider.oci",
      "instances": [
        {
          "index_key": 0,
          "schema_version": 0,
          "attributes": {
            "compartment_id": "ocid1.tenancy.oc1..aaaaaaaaw7qkcglkhecp6bv3g2ww2tprsdwzkvwt65vuvtygo2657iddifjq",
            "defined_tags": {
              "Oracle-Tags.CreatedBy": "raul.realmoldes@plexus.es",
              "Oracle-Tags.CreatedOn": "2020-03-12T12:27:51.043Z"
            },
            "display_name": "dev-admin",
            "egress_security_rules": [
              {
                "description": "",
                "destination": "0.0.0.0/0",
                "destination_type": "CIDR_BLOCK",
                "icmp_options": [],
                "protocol": "all",
                "stateless": false,
                "tcp_options": [],
                "udp_options": []
              }
            ],
            "freeform_tags": {},
            "id": "ocid1.securitylist.oc1.uk-london-1.aaaaaaaaxlaqktchdbjsi34erd5r73r6mklm23oj54a5ik5eyyenyq32ku4q",
            "ingress_security_rules": [
              {
                "description": "",
                "icmp_options": [],
                "protocol": "6",
                "source": "10.0.0.0/16",
                "source_type": "CIDR_BLOCK",
                "stateless": false,
                "tcp_options": [
                  {
                    "max": 22,
                    "min": 22,
                    "source_port_range": []
                  }
                ],
                "udp_options": []
              }
            ],
            "state": "AVAILABLE",
            "time_created": "2020-03-12 12:27:51.05 +0000 UTC",
            "timeouts": null,
            "vcn_id": "ocid1.vcn.oc1.uk-london-1.amaaaaaa6c3t5oaaag6p7bwlorpwslawwlchcfcmixyle55y65xbnzw7iacq"
          },
          "private": "eyJlMmJmYjczMC1lY2FhLTExZTYtOGY4OC0zNDM2M2JjN2M0YzAiOnsiY3JlYXRlIjo5MDAwMDAwMDAwMDAsImRlbGV0ZSI6OTAwMDAwMDAwMDAwLCJ1cGRhdGUiOjkwMDAwMDAwMDAwMH19",
          "dependencies": [
            "module.vcn.oci_core_nat_gateway.nat_gateway",
            "module.vcn.oci_core_route_table.nat_route",
            "module.vcn.oci_core_service_gateway.service_gateway",
            "module.vcn.oci_core_vcn.vcn"
          ]
        }
      ]
    },
    {
      "module": "module.bastion",
      "mode": "managed",
      "type": "oci_core_security_list",
      "name": "bastion",
      "each": "list",
      "provider": "provider.oci",
      "instances": [
        {
          "index_key": 0,
          "schema_version": 0,
          "attributes": {
            "compartment_id": "ocid1.tenancy.oc1..aaaaaaaaw7qkcglkhecp6bv3g2ww2tprsdwzkvwt65vuvtygo2657iddifjq",
            "defined_tags": {
              "Oracle-Tags.CreatedBy": "raul.realmoldes@plexus.es",
              "Oracle-Tags.CreatedOn": "2020-03-12T12:27:50.778Z"
            },
            "display_name": "dev-bastion",
            "egress_security_rules": [
              {
                "description": "",
                "destination": "0.0.0.0/0",
                "destination_type": "CIDR_BLOCK",
                "icmp_options": [],
                "protocol": "all",
                "stateless": false,
                "tcp_options": [],
                "udp_options": []
              }
            ],
            "freeform_tags": {},
            "id": "ocid1.securitylist.oc1.uk-london-1.aaaaaaaax4ml267gofg5bqoakhlbk34kwzvt5u3kbeehxkjdvsl3twym6rva",
            "ingress_security_rules": [
              {
                "description": "",
                "icmp_options": [],
                "protocol": "6",
                "source": "0.0.0.0/0",
                "source_type": "CIDR_BLOCK",
                "stateless": false,
                "tcp_options": [
                  {
                    "max": 22,
                    "min": 22,
                    "source_port_range": []
                  }
                ],
                "udp_options": []
              }
            ],
            "state": "AVAILABLE",
            "time_created": "2020-03-12 12:27:50.785 +0000 UTC",
            "timeouts": null,
            "vcn_id": "ocid1.vcn.oc1.uk-london-1.amaaaaaa6c3t5oaaag6p7bwlorpwslawwlchcfcmixyle55y65xbnzw7iacq"
          },
          "private": "eyJlMmJmYjczMC1lY2FhLTExZTYtOGY4OC0zNDM2M2JjN2M0YzAiOnsiY3JlYXRlIjo5MDAwMDAwMDAwMDAsImRlbGV0ZSI6OTAwMDAwMDAwMDAwLCJ1cGRhdGUiOjkwMDAwMDAwMDAwMH19",
          "dependencies": [
            "module.vcn.oci_core_internet_gateway.ig",
            "module.vcn.oci_core_nat_gateway.nat_gateway",
            "module.vcn.oci_core_route_table.ig_route",
            "module.vcn.oci_core_service_gateway.service_gateway",
            "module.vcn.oci_core_vcn.vcn"
          ]
        }
      ]
    },
    {
      "module": "module.vcn",
      "mode": "managed",
      "type": "oci_core_service_gateway",
      "name": "service_gateway",
      "each": "list",
      "provider": "provider.oci",
      "instances": [
        {
          "index_key": 0,
          "schema_version": 0,
          "attributes": {
            "block_traffic": false,
            "compartment_id": "ocid1.tenancy.oc1..aaaaaaaaw7qkcglkhecp6bv3g2ww2tprsdwzkvwt65vuvtygo2657iddifjq",
            "defined_tags": {
              "Oracle-Tags.CreatedBy": "raul.realmoldes@plexus.es",
              "Oracle-Tags.CreatedOn": "2020-03-12T12:27:48.806Z"
            },
            "display_name": "dev-sg-gw",
            "freeform_tags": {},
            "id": "ocid1.servicegateway.oc1.uk-london-1.aaaaaaaab64zngkdptsem6kqam3rrinm23daqr6kx5trjgtuo3kpl6c34wwa",
            "route_table_id": null,
            "services": [
              {
                "service_id": "ocid1.service.oc1.uk-london-1.aaaaaaaatwg7f5mnzoapfunl66n2qkp4ormiykqk3hiwksum63gcyjk7ysla",
                "service_name": "All LHR Services In Oracle Services Network"
              }
            ],
            "state": "AVAILABLE",
            "time_created": "2020-03-12 12:27:49.231 +0000 UTC",
            "timeouts": null,
            "vcn_id": "ocid1.vcn.oc1.uk-london-1.amaaaaaa6c3t5oaaag6p7bwlorpwslawwlchcfcmixyle55y65xbnzw7iacq"
          },
          "private": "eyJlMmJmYjczMC1lY2FhLTExZTYtOGY4OC0zNDM2M2JjN2M0YzAiOnsiY3JlYXRlIjo5MDAwMDAwMDAwMDAsImRlbGV0ZSI6OTAwMDAwMDAwMDAwLCJ1cGRhdGUiOjkwMDAwMDAwMDAwMH19",
          "dependencies": [
            "module.vcn.oci_core_nat_gateway.nat_gateway",
            "module.vcn.oci_core_vcn.vcn"
          ]
        }
      ]
    },
    {
      "module": "module.admin",
      "mode": "managed",
      "type": "oci_core_subnet",
      "name": "admin",
      "each": "list",
      "provider": "provider.oci",
      "instances": [
        {
          "index_key": 0,
          "schema_version": 0,
          "attributes": {
            "availability_domain": null,
            "cidr_block": "10.0.1.8/29",
            "compartment_id": "ocid1.tenancy.oc1..aaaaaaaaw7qkcglkhecp6bv3g2ww2tprsdwzkvwt65vuvtygo2657iddifjq",
            "defined_tags": {
              "Oracle-Tags.CreatedBy": "raul.realmoldes@plexus.es",
              "Oracle-Tags.CreatedOn": "2020-03-12T12:27:51.365Z"
            },
            "dhcp_options_id": "ocid1.dhcpoptions.oc1.uk-london-1.aaaaaaaahjylfd3txyrlql5citmsiwseszilhl25wj7p2jpnejqas6yipueq",
            "display_name": "dev-admin",
            "dns_label": "admin",
            "freeform_tags": {
              "Name": "TerrformedVCN"
            },
            "id": "ocid1.subnet.oc1.uk-london-1.aaaaaaaavwgxc5dj6zwhzb3sxbkdebabknlsa2acveunx2pjidxppibjc4ka",
            "ipv6cidr_block": null,
            "ipv6public_cidr_block": null,
            "ipv6virtual_router_ip": null,
            "prohibit_public_ip_on_vnic": true,
            "route_table_id": "ocid1.routetable.oc1.uk-london-1.aaaaaaaap2l4sl4srsxi3xqwz7lrmmemdsizecb2gxsi6mqcqumr2hlmkjjq",
            "security_list_ids": [
              "ocid1.securitylist.oc1.uk-london-1.aaaaaaaaxlaqktchdbjsi34erd5r73r6mklm23oj54a5ik5eyyenyq32ku4q"
            ],
            "state": "AVAILABLE",
            "subnet_domain_name": "admin.base.oraclevcn.com",
            "time_created": "2020-03-12 12:27:51.39 +0000 UTC",
            "timeouts": null,
            "vcn_id": "ocid1.vcn.oc1.uk-london-1.amaaaaaa6c3t5oaaag6p7bwlorpwslawwlchcfcmixyle55y65xbnzw7iacq",
            "virtual_router_ip": "10.0.1.9",
            "virtual_router_mac": "00:00:17:C1:75:7C"
          },
          "private": "eyJlMmJmYjczMC1lY2FhLTExZTYtOGY4OC0zNDM2M2JjN2M0YzAiOnsiY3JlYXRlIjo5MDAwMDAwMDAwMDAsImRlbGV0ZSI6OTAwMDAwMDAwMDAwLCJ1cGRhdGUiOjkwMDAwMDAwMDAwMH19",
          "dependencies": [
            "module.admin.oci_core_security_list.admin",
            "module.vcn.oci_core_nat_gateway.nat_gateway",
            "module.vcn.oci_core_route_table.nat_route",
            "module.vcn.oci_core_service_gateway.service_gateway",
            "module.vcn.oci_core_vcn.vcn"
          ]
        }
      ]
    },
    {
      "module": "module.bastion",
      "mode": "managed",
      "type": "oci_core_subnet",
      "name": "bastion",
      "each": "list",
      "provider": "provider.oci",
      "instances": [
        {
          "index_key": 0,
          "schema_version": 0,
          "attributes": {
            "availability_domain": null,
            "cidr_block": "10.0.1.0/29",
            "compartment_id": "ocid1.tenancy.oc1..aaaaaaaaw7qkcglkhecp6bv3g2ww2tprsdwzkvwt65vuvtygo2657iddifjq",
            "defined_tags": {
              "Oracle-Tags.CreatedBy": "raul.realmoldes@plexus.es",
              "Oracle-Tags.CreatedOn": "2020-03-12T12:27:51.089Z"
            },
            "dhcp_options_id": "ocid1.dhcpoptions.oc1.uk-london-1.aaaaaaaahjylfd3txyrlql5citmsiwseszilhl25wj7p2jpnejqas6yipueq",
            "display_name": "dev-bastion",
            "dns_label": "bastion",
            "freeform_tags": {
              "Name": "TerrformedVCN"
            },
            "id": "ocid1.subnet.oc1.uk-london-1.aaaaaaaa464zhnodoibcmbsvtbfkmdhjnzyducwewl55emm5vpktje3kb3uq",
            "ipv6cidr_block": null,
            "ipv6public_cidr_block": null,
            "ipv6virtual_router_ip": null,
            "prohibit_public_ip_on_vnic": false,
            "route_table_id": "ocid1.routetable.oc1.uk-london-1.aaaaaaaach6aqyuv2ijrilbdjsj4thbq3edfpfq7mme6agncxs2guw5djdyq",
            "security_list_ids": [
              "ocid1.securitylist.oc1.uk-london-1.aaaaaaaax4ml267gofg5bqoakhlbk34kwzvt5u3kbeehxkjdvsl3twym6rva"
            ],
            "state": "AVAILABLE",
            "subnet_domain_name": "bastion.base.oraclevcn.com",
            "time_created": "2020-03-12 12:27:51.915 +0000 UTC",
            "timeouts": null,
            "vcn_id": "ocid1.vcn.oc1.uk-london-1.amaaaaaa6c3t5oaaag6p7bwlorpwslawwlchcfcmixyle55y65xbnzw7iacq",
            "virtual_router_ip": "10.0.1.1",
            "virtual_router_mac": "00:00:17:C1:75:7C"
          },
          "private": "eyJlMmJmYjczMC1lY2FhLTExZTYtOGY4OC0zNDM2M2JjN2M0YzAiOnsiY3JlYXRlIjo5MDAwMDAwMDAwMDAsImRlbGV0ZSI6OTAwMDAwMDAwMDAwLCJ1cGRhdGUiOjkwMDAwMDAwMDAwMH19",
          "dependencies": [
            "module.bastion.oci_core_security_list.bastion",
            "module.vcn.oci_core_internet_gateway.ig",
            "module.vcn.oci_core_nat_gateway.nat_gateway",
            "module.vcn.oci_core_route_table.ig_route",
            "module.vcn.oci_core_service_gateway.service_gateway",
            "module.vcn.oci_core_vcn.vcn"
          ]
        }
      ]
    },
    {
      "module": "module.vcn",
      "mode": "managed",
      "type": "oci_core_vcn",
      "name": "vcn",
      "provider": "provider.oci",
      "instances": [
        {
          "schema_version": 0,
          "attributes": {
            "cidr_block": "10.0.0.0/16",
            "compartment_id": "ocid1.tenancy.oc1..aaaaaaaaw7qkcglkhecp6bv3g2ww2tprsdwzkvwt65vuvtygo2657iddifjq",
            "default_dhcp_options_id": "ocid1.dhcpoptions.oc1.uk-london-1.aaaaaaaahjylfd3txyrlql5citmsiwseszilhl25wj7p2jpnejqas6yipueq",
            "default_route_table_id": "ocid1.routetable.oc1.uk-london-1.aaaaaaaatpwghtf7abrukenbzbp4i7mtk4dlgnwn2ek7bnqmp3lw7m733qcq",
            "default_security_list_id": "ocid1.securitylist.oc1.uk-london-1.aaaaaaaa6zcmp4tkm2x7h4jcznjf2fzma7nqmk2qmsrekngvbjxumzwgt7oq",
            "defined_tags": {
              "Oracle-Tags.CreatedBy": "raul.realmoldes@plexus.es",
              "Oracle-Tags.CreatedOn": "2020-03-12T12:27:47.266Z"
            },
            "display_name": "dev-base",
            "dns_label": "base",
            "freeform_tags": {
              "Name": "TerrformedVCN"
            },
            "id": "ocid1.vcn.oc1.uk-london-1.amaaaaaa6c3t5oaaag6p7bwlorpwslawwlchcfcmixyle55y65xbnzw7iacq",
            "ipv6cidr_block": null,
            "ipv6public_cidr_block": null,
            "is_ipv6enabled": null,
            "state": "AVAILABLE",
            "time_created": "2020-03-12 12:27:47.278 +0000 UTC",
            "timeouts": null,
            "vcn_domain_name": "base.oraclevcn.com"
          },
          "private": "eyJlMmJmYjczMC1lY2FhLTExZTYtOGY4OC0zNDM2M2JjN2M0YzAiOnsiY3JlYXRlIjo5MDAwMDAwMDAwMDAsImRlbGV0ZSI6OTAwMDAwMDAwMDAwLCJ1cGRhdGUiOjkwMDAwMDAwMDAwMH19"
        }
      ]
    },
    {
      "module": "module.admin",
      "mode": "managed",
      "type": "oci_identity_dynamic_group",
      "name": "admin_instance_principal",
      "each": "list",
      "provider": "module.admin.provider.oci.home",
      "instances": [
        {
          "index_key": 0,
          "schema_version": 0,
          "attributes": {
            "compartment_id": "ocid1.tenancy.oc1..aaaaaaaaw7qkcglkhecp6bv3g2ww2tprsdwzkvwt65vuvtygo2657iddifjq",
            "defined_tags": {
              "Oracle-Tags.CreatedBy": "raul.realmoldes@plexus.es",
              "Oracle-Tags.CreatedOn": "2020-03-12T12:29:08.217Z"
            },
            "description": "dynamic group to allow instances to call services for 1 admin",
            "freeform_tags": {},
            "id": "ocid1.dynamicgroup.oc1..aaaaaaaasv3fhusbvvqfndddjsireezayprq6djad7guatrnkuuwhvbljvfq",
            "inactive_state": null,
            "matching_rule": "ALL {instance.id = 'ocid1.instance.oc1.uk-london-1.anwgiljt6c3t5oacgiubyijkgshpeww3upbgzwrn25edlgje6gcjx3snmcna'}",
            "name": "dev-admin_instance_principal",
            "state": "ACTIVE",
            "time_created": "2020-03-12 12:29:08.289 +0000 UTC",
            "timeouts": null
          },
          "private": "eyJlMmJmYjczMC1lY2FhLTExZTYtOGY4OC0zNDM2M2JjN2M0YzAiOnsiY3JlYXRlIjo5MDAwMDAwMDAwMDAsImRlbGV0ZSI6OTAwMDAwMDAwMDAwLCJ1cGRhdGUiOjkwMDAwMDAwMDAwMH19",
          "dependencies": [
            "module.admin.oci_core_instance.admin",
            "module.admin.oci_core_security_list.admin",
            "module.admin.oci_core_subnet.admin",
            "module.vcn.oci_core_nat_gateway.nat_gateway",
            "module.vcn.oci_core_route_table.nat_route",
            "module.vcn.oci_core_service_gateway.service_gateway",
            "module.vcn.oci_core_vcn.vcn"
          ]
        }
      ]
    },
    {
      "module": "module.bastion",
      "mode": "managed",
      "type": "oci_identity_dynamic_group",
      "name": "bastion_notification",
      "each": "list",
      "provider": "module.bastion.provider.oci.home",
      "instances": []
    },
    {
      "module": "module.bastion",
      "mode": "managed",
      "type": "oci_identity_policy",
      "name": "bastion_notification",
      "each": "list",
      "provider": "module.bastion.provider.oci.home",
      "instances": []
    },
    {
      "module": "module.bastion",
      "mode": "managed",
      "type": "oci_ons_notification_topic",
      "name": "bastion_notification",
      "each": "list",
      "provider": "provider.oci",
      "instances": []
    },
    {
      "module": "module.bastion",
      "mode": "managed",
      "type": "oci_ons_subscription",
      "name": "bastion_notification",
      "each": "list",
      "provider": "provider.oci",
      "instances": []
    }
  ]
}
